
Microsoft Visual Studio Solution File, Format Version 12.00
# Visual Studio 14
VisualStudioVersion = 14.0.22907.0
MinimumVisualStudioVersion = 10.0.40219.1
Project("{2150E333-8FDC-42A3-9474-1A3956D46DE8}") = "Okra.Core", "Okra.Core", "{B9A4A8CF-DC5B-4F92-B7D2-D7BF84386587}"
EndProject
Project("{D954291E-2A0B-460D-934E-DC6B0785DB48}") = "Okra.Core.Shared", "src\Okra.Core\Okra.Core.Shared\Okra.Core.Shared.shproj", "{FB719AFE-8F13-4F65-A713-56C004FD2D5A}"
EndProject
Project("{FAE04EC0-301F-11D3-BF4B-00C04F79EFBC}") = "Okra.Core.Windows", "src\Okra.Core\Okra.Core.Windows\Okra.Core.Windows.csproj", "{D6B10840-7B41-4251-A081-EBC1E86FCD2D}"
EndProject
Project("{FAE04EC0-301F-11D3-BF4B-00C04F79EFBC}") = "Okra.Core.WindowsPhone", "src\Okra.Core\Okra.Core.WindowsPhone\Okra.Core.WindowsPhone.csproj", "{D00DC503-CEF6-4565-ABEA-3024D6B02851}"
EndProject
Project("{2150E333-8FDC-42A3-9474-1A3956D46DE8}") = "Okra.MEF", "Okra.MEF", "{A605615E-DD69-4D49-B045-FAF5205FF4A2}"
EndProject
Project("{D954291E-2A0B-460D-934E-DC6B0785DB48}") = "Okra.MEF.Shared", "src\Okra.MEF\Okra.MEF.Shared\Okra.MEF.Shared.shproj", "{F25B0F1E-FE19-49B2-8BC3-F3CE168DB5CD}"
EndProject
Project("{FAE04EC0-301F-11D3-BF4B-00C04F79EFBC}") = "Okra.MEF.Windows", "src\Okra.MEF\Okra.MEF.Windows\Okra.MEF.Windows.csproj", "{A98753AD-F740-4BD1-B34D-A1C170553982}"
EndProject
Project("{FAE04EC0-301F-11D3-BF4B-00C04F79EFBC}") = "Okra.MEF.WindowsPhone", "src\Okra.MEF\Okra.MEF.WindowsPhone\Okra.MEF.WindowsPhone.csproj", "{B627A885-CF5C-4359-9533-BCC89804541B}"
EndProject
Project("{2150E333-8FDC-42A3-9474-1A3956D46DE8}") = "Okra.MEF.Tests", "Okra.MEF.Tests", "{A8D2B638-A58D-4F7E-A4C7-720BA695DCEF}"
EndProject
Project("{D954291E-2A0B-460D-934E-DC6B0785DB48}") = "Okra.MEF.Tests.Shared", "test\Okra.MEF.Tests\Okra.MEF.Tests.Shared\Okra.MEF.Tests.Shared.shproj", "{FE86EB90-083E-4411-884B-AA5EF63C306D}"
EndProject
Project("{FAE04EC0-301F-11D3-BF4B-00C04F79EFBC}") = "Okra.MEF.Tests.Windows", "test\Okra.MEF.Tests\Okra.MEF.Tests.Windows\Okra.MEF.Tests.Windows.csproj", "{DDEC51C1-5ED0-473A-B593-6BF291F1A55A}"
EndProject
Project("{FAE04EC0-301F-11D3-BF4B-00C04F79EFBC}") = "Okra.MEF.Tests.WindowsPhone", "test\Okra.MEF.Tests\Okra.MEF.Tests.WindowsPhone\Okra.MEF.Tests.WindowsPhone.csproj", "{8E2D1E6A-900E-4EF4-8FC5-A47326C97A22}"
EndProject
Project("{FAE04EC0-301F-11D3-BF4B-00C04F79EFBC}") = "Okra.Core.Portable", "src\Okra.Core\Okra.Core.Portable\Okra.Core.Portable.csproj", "{7AA64153-F64C-4DAE-8AE3-AD96E4A636E9}"
EndProject
Project("{FAE04EC0-301F-11D3-BF4B-00C04F79EFBC}") = "Okra.MEF.Universal", "src\Okra.MEF\Okra.MEF.Universal\Okra.MEF.Universal.csproj", "{F68DBAA1-6D0F-4096-A1CE-853E7A4B5CE4}"
EndProject
Project("{FAE04EC0-301F-11D3-BF4B-00C04F79EFBC}") = "Okra.Core.Universal", "src\Okra.Core\Okra.Core.Universal\Okra.Core.Universal.csproj", "{80CB552F-A744-43EA-8906-8FD88F039040}"
EndProject
Project("{FAE04EC0-301F-11D3-BF4B-00C04F79EFBC}") = "Okra.Core.Xamarin.Forms", "src\Okra.Core\Okra.Core.Xamarin.Forms\Okra.Core.Xamarin.Forms.csproj", "{67F9D3A8-F71E-4428-913F-C37AE82CDB24}"
EndProject
Project("{FAE04EC0-301F-11D3-BF4B-00C04F79EFBC}") = "Okra.MEF.Portable", "src\Okra.MEF\Okra.MEF.Portable\Okra.MEF.Portable.csproj", "{169468C7-E225-43D0-960C-D5BA4A1212D1}"
EndProject
Project("{D954291E-2A0B-460D-934E-DC6B0785DB48}") = "Okra.Core.Portable.Shared", "src\Okra.Core\Okra.Core.Portable.Shared\Okra.Core.Portable.Shared.shproj", "{48114CAF-C43A-4E92-A385-1A99705ECE76}"
EndProject
Project("{D954291E-2A0B-460D-934E-DC6B0785DB48}") = "Okra.MEF.Portable.Shared", "src\Okra.MEF\Okra.MEF.Portable.Shared\Okra.MEF.Portable.Shared.shproj", "{F81956E7-0505-4C7D-B429-DE8309303146}"
EndProject
Project("{FAE04EC0-301F-11D3-BF4B-00C04F79EFBC}") = "Okra.MEF.Xamarin.Forms", "src\Okra.MEF\Okra.MEF.Xamarin.Forms\Okra.MEF.Xamarin.Forms.csproj", "{97B14871-CCC1-4FA5-82CB-EFEFEC638C9E}"
EndProject
Global
	GlobalSection(SharedMSBuildProjectFiles) = preSolution
		src\Okra.Core\Okra.Core.Portable.Shared\Okra.Core.Portable.Shared.projitems*{48114caf-c43a-4e92-a385-1a99705ece76}*SharedItemsImports = 13
		src\Okra.Core\Okra.Core.Portable.Shared\Okra.Core.Portable.Shared.projitems*{80cb552f-a744-43ea-8906-8fd88f039040}*SharedItemsImports = 4
		src\Okra.Core\Okra.Core.Shared\Okra.Core.Shared.projitems*{80cb552f-a744-43ea-8906-8fd88f039040}*SharedItemsImports = 4
		src\Okra.MEF\Okra.MEF.Portable.Shared\Okra.MEF.Portable.Shared.projitems*{97b14871-ccc1-4fa5-82cb-efefec638c9e}*SharedItemsImports = 4
		test\Okra.MEF.Tests\Okra.MEF.Tests.Shared\Okra.MEF.Tests.Shared.projitems*{8e2d1e6a-900e-4ef4-8fc5-a47326c97a22}*SharedItemsImports = 4
		src\Okra.MEF\Okra.MEF.Shared\Okra.MEF.Shared.projitems*{b627a885-cf5c-4359-9533-bcc89804541b}*SharedItemsImports = 4
		src\Okra.MEF\Okra.MEF.Portable.Shared\Okra.MEF.Portable.Shared.projitems*{b627a885-cf5c-4359-9533-bcc89804541b}*SharedItemsImports = 4
		test\Okra.MEF.Tests\Okra.MEF.Tests.Shared\Okra.MEF.Tests.Shared.projitems*{ddec51c1-5ed0-473a-b593-6bf291f1a55a}*SharedItemsImports = 4
		src\Okra.MEF\Okra.MEF.Shared\Okra.MEF.Shared.projitems*{f25b0f1e-fe19-49b2-8bc3-f3ce168db5cd}*SharedItemsImports = 13
		src\Okra.MEF\Okra.MEF.Shared\Okra.MEF.Shared.projitems*{a98753ad-f740-4bd1-b34d-a1c170553982}*SharedItemsImports = 4
		src\Okra.MEF\Okra.MEF.Portable.Shared\Okra.MEF.Portable.Shared.projitems*{a98753ad-f740-4bd1-b34d-a1c170553982}*SharedItemsImports = 4
		src\Okra.MEF\Okra.MEF.Shared\Okra.MEF.Shared.projitems*{f68dbaa1-6d0f-4096-a1ce-853e7a4b5ce4}*SharedItemsImports = 4
		src\Okra.MEF\Okra.MEF.Portable.Shared\Okra.MEF.Portable.Shared.projitems*{f68dbaa1-6d0f-4096-a1ce-853e7a4b5ce4}*SharedItemsImports = 4
		src\Okra.Core\Okra.Core.Shared\Okra.Core.Shared.projitems*{fb719afe-8f13-4f65-a713-56c004fd2d5a}*SharedItemsImports = 13
		src\Okra.MEF\Okra.MEF.Portable.Shared\Okra.MEF.Portable.Shared.projitems*{f81956e7-0505-4c7d-b429-de8309303146}*SharedItemsImports = 13
		src\Okra.Core\Okra.Core.Portable.Shared\Okra.Core.Portable.Shared.projitems*{d00dc503-cef6-4565-abea-3024d6b02851}*SharedItemsImports = 4
		src\Okra.Core\Okra.Core.Shared\Okra.Core.Shared.projitems*{d00dc503-cef6-4565-abea-3024d6b02851}*SharedItemsImports = 4
		src\Okra.Core\Okra.Core.Portable.Shared\Okra.Core.Portable.Shared.projitems*{d6b10840-7b41-4251-a081-ebc1e86fcd2d}*SharedItemsImports = 4
		src\Okra.Core\Okra.Core.Shared\Okra.Core.Shared.projitems*{d6b10840-7b41-4251-a081-ebc1e86fcd2d}*SharedItemsImports = 4
		src\Okra.Core\Okra.Core.Portable.Shared\Okra.Core.Portable.Shared.projitems*{67f9d3a8-f71e-4428-913f-c37ae82cdb24}*SharedItemsImports = 4
		test\Okra.MEF.Tests\Okra.MEF.Tests.Shared\Okra.MEF.Tests.Shared.projitems*{fe86eb90-083e-4411-884b-aa5ef63c306d}*SharedItemsImports = 13
	EndGlobalSection
	GlobalSection(SolutionConfigurationPlatforms) = preSolution
		Ad-Hoc|Any CPU = Ad-Hoc|Any CPU
		Ad-Hoc|ARM = Ad-Hoc|ARM
		Ad-Hoc|iPhone = Ad-Hoc|iPhone
		Ad-Hoc|iPhoneSimulator = Ad-Hoc|iPhoneSimulator
		Ad-Hoc|Mixed Platforms = Ad-Hoc|Mixed Platforms
		Ad-Hoc|x64 = Ad-Hoc|x64
		Ad-Hoc|x86 = Ad-Hoc|x86
		AppStore|Any CPU = AppStore|Any CPU
		AppStore|ARM = AppStore|ARM
		AppStore|iPhone = AppStore|iPhone
		AppStore|iPhoneSimulator = AppStore|iPhoneSimulator
		AppStore|Mixed Platforms = AppStore|Mixed Platforms
		AppStore|x64 = AppStore|x64
		AppStore|x86 = AppStore|x86
		Debug|Any CPU = Debug|Any CPU
		Debug|ARM = Debug|ARM
		Debug|iPhone = Debug|iPhone
		Debug|iPhoneSimulator = Debug|iPhoneSimulator
		Debug|Mixed Platforms = Debug|Mixed Platforms
		Debug|x64 = Debug|x64
		Debug|x86 = Debug|x86
		Release|Any CPU = Release|Any CPU
		Release|ARM = Release|ARM
		Release|iPhone = Release|iPhone
		Release|iPhoneSimulator = Release|iPhoneSimulator
		Release|Mixed Platforms = Release|Mixed Platforms
		Release|x64 = Release|x64
		Release|x86 = Release|x86
	EndGlobalSection
	GlobalSection(ProjectConfigurationPlatforms) = postSolution
		{D6B10840-7B41-4251-A081-EBC1E86FCD2D}.Ad-Hoc|Any CPU.ActiveCfg = Release|Any CPU
		{D6B10840-7B41-4251-A081-EBC1E86FCD2D}.Ad-Hoc|Any CPU.Build.0 = Release|Any CPU
		{D6B10840-7B41-4251-A081-EBC1E86FCD2D}.Ad-Hoc|ARM.ActiveCfg = Release|ARM
		{D6B10840-7B41-4251-A081-EBC1E86FCD2D}.Ad-Hoc|ARM.Build.0 = Release|ARM
		{D6B10840-7B41-4251-A081-EBC1E86FCD2D}.Ad-Hoc|iPhone.ActiveCfg = Release|Any CPU
		{D6B10840-7B41-4251-A081-EBC1E86FCD2D}.Ad-Hoc|iPhoneSimulator.ActiveCfg = Release|Any CPU
		{D6B10840-7B41-4251-A081-EBC1E86FCD2D}.Ad-Hoc|Mixed Platforms.ActiveCfg = Release|x86
		{D6B10840-7B41-4251-A081-EBC1E86FCD2D}.Ad-Hoc|Mixed Platforms.Build.0 = Release|x86
		{D6B10840-7B41-4251-A081-EBC1E86FCD2D}.Ad-Hoc|x64.ActiveCfg = Release|x64
		{D6B10840-7B41-4251-A081-EBC1E86FCD2D}.Ad-Hoc|x64.Build.0 = Release|x64
		{D6B10840-7B41-4251-A081-EBC1E86FCD2D}.Ad-Hoc|x86.ActiveCfg = Release|x86
		{D6B10840-7B41-4251-A081-EBC1E86FCD2D}.Ad-Hoc|x86.Build.0 = Release|x86
		{D6B10840-7B41-4251-A081-EBC1E86FCD2D}.AppStore|Any CPU.ActiveCfg = Release|Any CPU
		{D6B10840-7B41-4251-A081-EBC1E86FCD2D}.AppStore|Any CPU.Build.0 = Release|Any CPU
		{D6B10840-7B41-4251-A081-EBC1E86FCD2D}.AppStore|ARM.ActiveCfg = Release|ARM
		{D6B10840-7B41-4251-A081-EBC1E86FCD2D}.AppStore|ARM.Build.0 = Release|ARM
		{D6B10840-7B41-4251-A081-EBC1E86FCD2D}.AppStore|iPhone.ActiveCfg = Release|Any CPU
		{D6B10840-7B41-4251-A081-EBC1E86FCD2D}.AppStore|iPhoneSimulator.ActiveCfg = Release|Any CPU
		{D6B10840-7B41-4251-A081-EBC1E86FCD2D}.AppStore|Mixed Platforms.ActiveCfg = Release|x86
		{D6B10840-7B41-4251-A081-EBC1E86FCD2D}.AppStore|Mixed Platforms.Build.0 = Release|x86
		{D6B10840-7B41-4251-A081-EBC1E86FCD2D}.AppStore|x64.ActiveCfg = Release|x64
		{D6B10840-7B41-4251-A081-EBC1E86FCD2D}.AppStore|x64.Build.0 = Release|x64
		{D6B10840-7B41-4251-A081-EBC1E86FCD2D}.AppStore|x86.ActiveCfg = Release|x86
		{D6B10840-7B41-4251-A081-EBC1E86FCD2D}.AppStore|x86.Build.0 = Release|x86
		{D6B10840-7B41-4251-A081-EBC1E86FCD2D}.Debug|Any CPU.ActiveCfg = Debug|Any CPU
		{D6B10840-7B41-4251-A081-EBC1E86FCD2D}.Debug|Any CPU.Build.0 = Debug|Any CPU
		{D6B10840-7B41-4251-A081-EBC1E86FCD2D}.Debug|Any CPU.Deploy.0 = Debug|Any CPU
		{D6B10840-7B41-4251-A081-EBC1E86FCD2D}.Debug|ARM.ActiveCfg = Debug|ARM
		{D6B10840-7B41-4251-A081-EBC1E86FCD2D}.Debug|ARM.Build.0 = Debug|ARM
		{D6B10840-7B41-4251-A081-EBC1E86FCD2D}.Debug|ARM.Deploy.0 = Debug|ARM
		{D6B10840-7B41-4251-A081-EBC1E86FCD2D}.Debug|iPhone.ActiveCfg = Debug|Any CPU
		{D6B10840-7B41-4251-A081-EBC1E86FCD2D}.Debug|iPhoneSimulator.ActiveCfg = Debug|Any CPU
		{D6B10840-7B41-4251-A081-EBC1E86FCD2D}.Debug|Mixed Platforms.ActiveCfg = Debug|Any CPU
		{D6B10840-7B41-4251-A081-EBC1E86FCD2D}.Debug|Mixed Platforms.Build.0 = Debug|Any CPU
		{D6B10840-7B41-4251-A081-EBC1E86FCD2D}.Debug|x64.ActiveCfg = Debug|x64
		{D6B10840-7B41-4251-A081-EBC1E86FCD2D}.Debug|x64.Build.0 = Debug|x64
		{D6B10840-7B41-4251-A081-EBC1E86FCD2D}.Debug|x64.Deploy.0 = Debug|x64
		{D6B10840-7B41-4251-A081-EBC1E86FCD2D}.Debug|x86.ActiveCfg = Debug|x86
		{D6B10840-7B41-4251-A081-EBC1E86FCD2D}.Debug|x86.Build.0 = Debug|x86
		{D6B10840-7B41-4251-A081-EBC1E86FCD2D}.Debug|x86.Deploy.0 = Debug|x86
		{D6B10840-7B41-4251-A081-EBC1E86FCD2D}.Release|Any CPU.ActiveCfg = Release|Any CPU
		{D6B10840-7B41-4251-A081-EBC1E86FCD2D}.Release|Any CPU.Build.0 = Release|Any CPU
		{D6B10840-7B41-4251-A081-EBC1E86FCD2D}.Release|Any CPU.Deploy.0 = Release|Any CPU
		{D6B10840-7B41-4251-A081-EBC1E86FCD2D}.Release|ARM.ActiveCfg = Release|ARM
		{D6B10840-7B41-4251-A081-EBC1E86FCD2D}.Release|ARM.Build.0 = Release|ARM
		{D6B10840-7B41-4251-A081-EBC1E86FCD2D}.Release|ARM.Deploy.0 = Release|ARM
		{D6B10840-7B41-4251-A081-EBC1E86FCD2D}.Release|iPhone.ActiveCfg = Release|Any CPU
		{D6B10840-7B41-4251-A081-EBC1E86FCD2D}.Release|iPhoneSimulator.ActiveCfg = Release|Any CPU
		{D6B10840-7B41-4251-A081-EBC1E86FCD2D}.Release|Mixed Platforms.ActiveCfg = Release|Any CPU
		{D6B10840-7B41-4251-A081-EBC1E86FCD2D}.Release|Mixed Platforms.Build.0 = Release|Any CPU
		{D6B10840-7B41-4251-A081-EBC1E86FCD2D}.Release|x64.ActiveCfg = Release|x64
		{D6B10840-7B41-4251-A081-EBC1E86FCD2D}.Release|x64.Build.0 = Release|x64
		{D6B10840-7B41-4251-A081-EBC1E86FCD2D}.Release|x64.Deploy.0 = Release|x64
		{D6B10840-7B41-4251-A081-EBC1E86FCD2D}.Release|x86.ActiveCfg = Release|x86
		{D6B10840-7B41-4251-A081-EBC1E86FCD2D}.Release|x86.Build.0 = Release|x86
		{D6B10840-7B41-4251-A081-EBC1E86FCD2D}.Release|x86.Deploy.0 = Release|x86
		{D00DC503-CEF6-4565-ABEA-3024D6B02851}.Ad-Hoc|Any CPU.ActiveCfg = Release|Any CPU
		{D00DC503-CEF6-4565-ABEA-3024D6B02851}.Ad-Hoc|Any CPU.Build.0 = Release|Any CPU
		{D00DC503-CEF6-4565-ABEA-3024D6B02851}.Ad-Hoc|ARM.ActiveCfg = Release|ARM
		{D00DC503-CEF6-4565-ABEA-3024D6B02851}.Ad-Hoc|ARM.Build.0 = Release|ARM
		{D00DC503-CEF6-4565-ABEA-3024D6B02851}.Ad-Hoc|iPhone.ActiveCfg = Release|Any CPU
		{D00DC503-CEF6-4565-ABEA-3024D6B02851}.Ad-Hoc|iPhoneSimulator.ActiveCfg = Release|Any CPU
		{D00DC503-CEF6-4565-ABEA-3024D6B02851}.Ad-Hoc|Mixed Platforms.ActiveCfg = Release|x86
		{D00DC503-CEF6-4565-ABEA-3024D6B02851}.Ad-Hoc|Mixed Platforms.Build.0 = Release|x86
		{D00DC503-CEF6-4565-ABEA-3024D6B02851}.Ad-Hoc|x64.ActiveCfg = Release|Any CPU
		{D00DC503-CEF6-4565-ABEA-3024D6B02851}.Ad-Hoc|x86.ActiveCfg = Release|x86
		{D00DC503-CEF6-4565-ABEA-3024D6B02851}.Ad-Hoc|x86.Build.0 = Release|x86
		{D00DC503-CEF6-4565-ABEA-3024D6B02851}.AppStore|Any CPU.ActiveCfg = Release|Any CPU
		{D00DC503-CEF6-4565-ABEA-3024D6B02851}.AppStore|Any CPU.Build.0 = Release|Any CPU
		{D00DC503-CEF6-4565-ABEA-3024D6B02851}.AppStore|ARM.ActiveCfg = Release|ARM
		{D00DC503-CEF6-4565-ABEA-3024D6B02851}.AppStore|ARM.Build.0 = Release|ARM
		{D00DC503-CEF6-4565-ABEA-3024D6B02851}.AppStore|iPhone.ActiveCfg = Release|Any CPU
		{D00DC503-CEF6-4565-ABEA-3024D6B02851}.AppStore|iPhoneSimulator.ActiveCfg = Release|Any CPU
		{D00DC503-CEF6-4565-ABEA-3024D6B02851}.AppStore|Mixed Platforms.ActiveCfg = Release|x86
		{D00DC503-CEF6-4565-ABEA-3024D6B02851}.AppStore|Mixed Platforms.Build.0 = Release|x86
		{D00DC503-CEF6-4565-ABEA-3024D6B02851}.AppStore|x64.ActiveCfg = Release|Any CPU
		{D00DC503-CEF6-4565-ABEA-3024D6B02851}.AppStore|x86.ActiveCfg = Release|x86
		{D00DC503-CEF6-4565-ABEA-3024D6B02851}.AppStore|x86.Build.0 = Release|x86
		{D00DC503-CEF6-4565-ABEA-3024D6B02851}.Debug|Any CPU.ActiveCfg = Debug|Any CPU
		{D00DC503-CEF6-4565-ABEA-3024D6B02851}.Debug|Any CPU.Build.0 = Debug|Any CPU
		{D00DC503-CEF6-4565-ABEA-3024D6B02851}.Debug|ARM.ActiveCfg = Debug|ARM
		{D00DC503-CEF6-4565-ABEA-3024D6B02851}.Debug|ARM.Build.0 = Debug|ARM
		{D00DC503-CEF6-4565-ABEA-3024D6B02851}.Debug|iPhone.ActiveCfg = Debug|Any CPU
		{D00DC503-CEF6-4565-ABEA-3024D6B02851}.Debug|iPhoneSimulator.ActiveCfg = Debug|Any CPU
		{D00DC503-CEF6-4565-ABEA-3024D6B02851}.Debug|Mixed Platforms.ActiveCfg = Debug|Any CPU
		{D00DC503-CEF6-4565-ABEA-3024D6B02851}.Debug|Mixed Platforms.Build.0 = Debug|Any CPU
		{D00DC503-CEF6-4565-ABEA-3024D6B02851}.Debug|x64.ActiveCfg = Debug|Any CPU
		{D00DC503-CEF6-4565-ABEA-3024D6B02851}.Debug|x86.ActiveCfg = Debug|x86
		{D00DC503-CEF6-4565-ABEA-3024D6B02851}.Debug|x86.Build.0 = Debug|x86
		{D00DC503-CEF6-4565-ABEA-3024D6B02851}.Release|Any CPU.ActiveCfg = Release|Any CPU
		{D00DC503-CEF6-4565-ABEA-3024D6B02851}.Release|Any CPU.Build.0 = Release|Any CPU
		{D00DC503-CEF6-4565-ABEA-3024D6B02851}.Release|ARM.ActiveCfg = Release|ARM
		{D00DC503-CEF6-4565-ABEA-3024D6B02851}.Release|ARM.Build.0 = Release|ARM
		{D00DC503-CEF6-4565-ABEA-3024D6B02851}.Release|iPhone.ActiveCfg = Release|Any CPU
		{D00DC503-CEF6-4565-ABEA-3024D6B02851}.Release|iPhoneSimulator.ActiveCfg = Release|Any CPU
		{D00DC503-CEF6-4565-ABEA-3024D6B02851}.Release|Mixed Platforms.ActiveCfg = Release|Any CPU
		{D00DC503-CEF6-4565-ABEA-3024D6B02851}.Release|Mixed Platforms.Build.0 = Release|Any CPU
		{D00DC503-CEF6-4565-ABEA-3024D6B02851}.Release|x64.ActiveCfg = Release|Any CPU
		{D00DC503-CEF6-4565-ABEA-3024D6B02851}.Release|x86.ActiveCfg = Release|x86
		{D00DC503-CEF6-4565-ABEA-3024D6B02851}.Release|x86.Build.0 = Release|x86
		{A98753AD-F740-4BD1-B34D-A1C170553982}.Ad-Hoc|Any CPU.ActiveCfg = Release|Any CPU
		{A98753AD-F740-4BD1-B34D-A1C170553982}.Ad-Hoc|Any CPU.Build.0 = Release|Any CPU
		{A98753AD-F740-4BD1-B34D-A1C170553982}.Ad-Hoc|ARM.ActiveCfg = Release|ARM
		{A98753AD-F740-4BD1-B34D-A1C170553982}.Ad-Hoc|ARM.Build.0 = Release|ARM
		{A98753AD-F740-4BD1-B34D-A1C170553982}.Ad-Hoc|iPhone.ActiveCfg = Release|Any CPU
		{A98753AD-F740-4BD1-B34D-A1C170553982}.Ad-Hoc|iPhoneSimulator.ActiveCfg = Release|Any CPU
		{A98753AD-F740-4BD1-B34D-A1C170553982}.Ad-Hoc|Mixed Platforms.ActiveCfg = Release|x86
		{A98753AD-F740-4BD1-B34D-A1C170553982}.Ad-Hoc|Mixed Platforms.Build.0 = Release|x86
		{A98753AD-F740-4BD1-B34D-A1C170553982}.Ad-Hoc|x64.ActiveCfg = Release|x64
		{A98753AD-F740-4BD1-B34D-A1C170553982}.Ad-Hoc|x64.Build.0 = Release|x64
		{A98753AD-F740-4BD1-B34D-A1C170553982}.Ad-Hoc|x86.ActiveCfg = Release|x86
		{A98753AD-F740-4BD1-B34D-A1C170553982}.Ad-Hoc|x86.Build.0 = Release|x86
		{A98753AD-F740-4BD1-B34D-A1C170553982}.AppStore|Any CPU.ActiveCfg = Release|Any CPU
		{A98753AD-F740-4BD1-B34D-A1C170553982}.AppStore|Any CPU.Build.0 = Release|Any CPU
		{A98753AD-F740-4BD1-B34D-A1C170553982}.AppStore|ARM.ActiveCfg = Release|ARM
		{A98753AD-F740-4BD1-B34D-A1C170553982}.AppStore|ARM.Build.0 = Release|ARM
		{A98753AD-F740-4BD1-B34D-A1C170553982}.AppStore|iPhone.ActiveCfg = Release|Any CPU
		{A98753AD-F740-4BD1-B34D-A1C170553982}.AppStore|iPhoneSimulator.ActiveCfg = Release|Any CPU
		{A98753AD-F740-4BD1-B34D-A1C170553982}.AppStore|Mixed Platforms.ActiveCfg = Release|x86
		{A98753AD-F740-4BD1-B34D-A1C170553982}.AppStore|Mixed Platforms.Build.0 = Release|x86
		{A98753AD-F740-4BD1-B34D-A1C170553982}.AppStore|x64.ActiveCfg = Release|x64
		{A98753AD-F740-4BD1-B34D-A1C170553982}.AppStore|x64.Build.0 = Release|x64
		{A98753AD-F740-4BD1-B34D-A1C170553982}.AppStore|x86.ActiveCfg = Release|x86
		{A98753AD-F740-4BD1-B34D-A1C170553982}.AppStore|x86.Build.0 = Release|x86
		{A98753AD-F740-4BD1-B34D-A1C170553982}.Debug|Any CPU.ActiveCfg = Debug|Any CPU
		{A98753AD-F740-4BD1-B34D-A1C170553982}.Debug|Any CPU.Build.0 = Debug|Any CPU
		{A98753AD-F740-4BD1-B34D-A1C170553982}.Debug|ARM.ActiveCfg = Debug|ARM
		{A98753AD-F740-4BD1-B34D-A1C170553982}.Debug|ARM.Build.0 = Debug|ARM
		{A98753AD-F740-4BD1-B34D-A1C170553982}.Debug|iPhone.ActiveCfg = Debug|Any CPU
		{A98753AD-F740-4BD1-B34D-A1C170553982}.Debug|iPhoneSimulator.ActiveCfg = Debug|Any CPU
		{A98753AD-F740-4BD1-B34D-A1C170553982}.Debug|Mixed Platforms.ActiveCfg = Debug|Any CPU
		{A98753AD-F740-4BD1-B34D-A1C170553982}.Debug|Mixed Platforms.Build.0 = Debug|Any CPU
		{A98753AD-F740-4BD1-B34D-A1C170553982}.Debug|x64.ActiveCfg = Debug|x64
		{A98753AD-F740-4BD1-B34D-A1C170553982}.Debug|x64.Build.0 = Debug|x64
		{A98753AD-F740-4BD1-B34D-A1C170553982}.Debug|x86.ActiveCfg = Debug|x86
		{A98753AD-F740-4BD1-B34D-A1C170553982}.Debug|x86.Build.0 = Debug|x86
		{A98753AD-F740-4BD1-B34D-A1C170553982}.Release|Any CPU.ActiveCfg = Release|Any CPU
		{A98753AD-F740-4BD1-B34D-A1C170553982}.Release|Any CPU.Build.0 = Release|Any CPU
		{A98753AD-F740-4BD1-B34D-A1C170553982}.Release|ARM.ActiveCfg = Release|ARM
		{A98753AD-F740-4BD1-B34D-A1C170553982}.Release|ARM.Build.0 = Release|ARM
		{A98753AD-F740-4BD1-B34D-A1C170553982}.Release|iPhone.ActiveCfg = Release|Any CPU
		{A98753AD-F740-4BD1-B34D-A1C170553982}.Release|iPhoneSimulator.ActiveCfg = Release|Any CPU
		{A98753AD-F740-4BD1-B34D-A1C170553982}.Release|Mixed Platforms.ActiveCfg = Release|Any CPU
		{A98753AD-F740-4BD1-B34D-A1C170553982}.Release|Mixed Platforms.Build.0 = Release|Any CPU
		{A98753AD-F740-4BD1-B34D-A1C170553982}.Release|x64.ActiveCfg = Release|x64
		{A98753AD-F740-4BD1-B34D-A1C170553982}.Release|x64.Build.0 = Release|x64
		{A98753AD-F740-4BD1-B34D-A1C170553982}.Release|x86.ActiveCfg = Release|x86
		{A98753AD-F740-4BD1-B34D-A1C170553982}.Release|x86.Build.0 = Release|x86
		{B627A885-CF5C-4359-9533-BCC89804541B}.Ad-Hoc|Any CPU.ActiveCfg = Release|Any CPU
		{B627A885-CF5C-4359-9533-BCC89804541B}.Ad-Hoc|Any CPU.Build.0 = Release|Any CPU
		{B627A885-CF5C-4359-9533-BCC89804541B}.Ad-Hoc|ARM.ActiveCfg = Release|ARM
		{B627A885-CF5C-4359-9533-BCC89804541B}.Ad-Hoc|ARM.Build.0 = Release|ARM
		{B627A885-CF5C-4359-9533-BCC89804541B}.Ad-Hoc|iPhone.ActiveCfg = Release|Any CPU
		{B627A885-CF5C-4359-9533-BCC89804541B}.Ad-Hoc|iPhoneSimulator.ActiveCfg = Release|Any CPU
		{B627A885-CF5C-4359-9533-BCC89804541B}.Ad-Hoc|Mixed Platforms.ActiveCfg = Release|x86
		{B627A885-CF5C-4359-9533-BCC89804541B}.Ad-Hoc|Mixed Platforms.Build.0 = Release|x86
		{B627A885-CF5C-4359-9533-BCC89804541B}.Ad-Hoc|x64.ActiveCfg = Release|Any CPU
		{B627A885-CF5C-4359-9533-BCC89804541B}.Ad-Hoc|x86.ActiveCfg = Release|x86
		{B627A885-CF5C-4359-9533-BCC89804541B}.Ad-Hoc|x86.Build.0 = Release|x86
		{B627A885-CF5C-4359-9533-BCC89804541B}.AppStore|Any CPU.ActiveCfg = Release|Any CPU
		{B627A885-CF5C-4359-9533-BCC89804541B}.AppStore|Any CPU.Build.0 = Release|Any CPU
		{B627A885-CF5C-4359-9533-BCC89804541B}.AppStore|ARM.ActiveCfg = Release|ARM
		{B627A885-CF5C-4359-9533-BCC89804541B}.AppStore|ARM.Build.0 = Release|ARM
		{B627A885-CF5C-4359-9533-BCC89804541B}.AppStore|iPhone.ActiveCfg = Release|Any CPU
		{B627A885-CF5C-4359-9533-BCC89804541B}.AppStore|iPhoneSimulator.ActiveCfg = Release|Any CPU
		{B627A885-CF5C-4359-9533-BCC89804541B}.AppStore|Mixed Platforms.ActiveCfg = Release|x86
		{B627A885-CF5C-4359-9533-BCC89804541B}.AppStore|Mixed Platforms.Build.0 = Release|x86
		{B627A885-CF5C-4359-9533-BCC89804541B}.AppStore|x64.ActiveCfg = Release|Any CPU
		{B627A885-CF5C-4359-9533-BCC89804541B}.AppStore|x86.ActiveCfg = Release|x86
		{B627A885-CF5C-4359-9533-BCC89804541B}.AppStore|x86.Build.0 = Release|x86
		{B627A885-CF5C-4359-9533-BCC89804541B}.Debug|Any CPU.ActiveCfg = Debug|Any CPU
		{B627A885-CF5C-4359-9533-BCC89804541B}.Debug|Any CPU.Build.0 = Debug|Any CPU
		{B627A885-CF5C-4359-9533-BCC89804541B}.Debug|ARM.ActiveCfg = Debug|ARM
		{B627A885-CF5C-4359-9533-BCC89804541B}.Debug|ARM.Build.0 = Debug|ARM
		{B627A885-CF5C-4359-9533-BCC89804541B}.Debug|iPhone.ActiveCfg = Debug|Any CPU
		{B627A885-CF5C-4359-9533-BCC89804541B}.Debug|iPhoneSimulator.ActiveCfg = Debug|Any CPU
		{B627A885-CF5C-4359-9533-BCC89804541B}.Debug|Mixed Platforms.ActiveCfg = Debug|Any CPU
		{B627A885-CF5C-4359-9533-BCC89804541B}.Debug|Mixed Platforms.Build.0 = Debug|Any CPU
		{B627A885-CF5C-4359-9533-BCC89804541B}.Debug|x64.ActiveCfg = Debug|Any CPU
		{B627A885-CF5C-4359-9533-BCC89804541B}.Debug|x86.ActiveCfg = Debug|x86
		{B627A885-CF5C-4359-9533-BCC89804541B}.Debug|x86.Build.0 = Debug|x86
		{B627A885-CF5C-4359-9533-BCC89804541B}.Release|Any CPU.ActiveCfg = Release|Any CPU
		{B627A885-CF5C-4359-9533-BCC89804541B}.Release|Any CPU.Build.0 = Release|Any CPU
		{B627A885-CF5C-4359-9533-BCC89804541B}.Release|ARM.ActiveCfg = Release|ARM
		{B627A885-CF5C-4359-9533-BCC89804541B}.Release|ARM.Build.0 = Release|ARM
		{B627A885-CF5C-4359-9533-BCC89804541B}.Release|iPhone.ActiveCfg = Release|Any CPU
		{B627A885-CF5C-4359-9533-BCC89804541B}.Release|iPhoneSimulator.ActiveCfg = Release|Any CPU
		{B627A885-CF5C-4359-9533-BCC89804541B}.Release|Mixed Platforms.ActiveCfg = Release|Any CPU
		{B627A885-CF5C-4359-9533-BCC89804541B}.Release|Mixed Platforms.Build.0 = Release|Any CPU
		{B627A885-CF5C-4359-9533-BCC89804541B}.Release|x64.ActiveCfg = Release|Any CPU
		{B627A885-CF5C-4359-9533-BCC89804541B}.Release|x86.ActiveCfg = Release|x86
		{B627A885-CF5C-4359-9533-BCC89804541B}.Release|x86.Build.0 = Release|x86
		{DDEC51C1-5ED0-473A-B593-6BF291F1A55A}.Ad-Hoc|Any CPU.ActiveCfg = Release|Any CPU
		{DDEC51C1-5ED0-473A-B593-6BF291F1A55A}.Ad-Hoc|Any CPU.Build.0 = Release|Any CPU
		{DDEC51C1-5ED0-473A-B593-6BF291F1A55A}.Ad-Hoc|Any CPU.Deploy.0 = Release|Any CPU
		{DDEC51C1-5ED0-473A-B593-6BF291F1A55A}.Ad-Hoc|ARM.ActiveCfg = Release|ARM
		{DDEC51C1-5ED0-473A-B593-6BF291F1A55A}.Ad-Hoc|ARM.Build.0 = Release|ARM
		{DDEC51C1-5ED0-473A-B593-6BF291F1A55A}.Ad-Hoc|ARM.Deploy.0 = Release|ARM
		{DDEC51C1-5ED0-473A-B593-6BF291F1A55A}.Ad-Hoc|iPhone.ActiveCfg = Release|Any CPU
		{DDEC51C1-5ED0-473A-B593-6BF291F1A55A}.Ad-Hoc|iPhoneSimulator.ActiveCfg = Release|Any CPU
		{DDEC51C1-5ED0-473A-B593-6BF291F1A55A}.Ad-Hoc|Mixed Platforms.ActiveCfg = Release|x86
		{DDEC51C1-5ED0-473A-B593-6BF291F1A55A}.Ad-Hoc|Mixed Platforms.Build.0 = Release|x86
		{DDEC51C1-5ED0-473A-B593-6BF291F1A55A}.Ad-Hoc|Mixed Platforms.Deploy.0 = Release|x86
		{DDEC51C1-5ED0-473A-B593-6BF291F1A55A}.Ad-Hoc|x64.ActiveCfg = Release|x64
		{DDEC51C1-5ED0-473A-B593-6BF291F1A55A}.Ad-Hoc|x64.Build.0 = Release|x64
		{DDEC51C1-5ED0-473A-B593-6BF291F1A55A}.Ad-Hoc|x64.Deploy.0 = Release|x64
		{DDEC51C1-5ED0-473A-B593-6BF291F1A55A}.Ad-Hoc|x86.ActiveCfg = Release|x86
		{DDEC51C1-5ED0-473A-B593-6BF291F1A55A}.Ad-Hoc|x86.Build.0 = Release|x86
		{DDEC51C1-5ED0-473A-B593-6BF291F1A55A}.Ad-Hoc|x86.Deploy.0 = Release|x86
		{DDEC51C1-5ED0-473A-B593-6BF291F1A55A}.AppStore|Any CPU.ActiveCfg = Release|Any CPU
		{DDEC51C1-5ED0-473A-B593-6BF291F1A55A}.AppStore|Any CPU.Build.0 = Release|Any CPU
		{DDEC51C1-5ED0-473A-B593-6BF291F1A55A}.AppStore|Any CPU.Deploy.0 = Release|Any CPU
		{DDEC51C1-5ED0-473A-B593-6BF291F1A55A}.AppStore|ARM.ActiveCfg = Release|ARM
		{DDEC51C1-5ED0-473A-B593-6BF291F1A55A}.AppStore|ARM.Build.0 = Release|ARM
		{DDEC51C1-5ED0-473A-B593-6BF291F1A55A}.AppStore|ARM.Deploy.0 = Release|ARM
		{DDEC51C1-5ED0-473A-B593-6BF291F1A55A}.AppStore|iPhone.ActiveCfg = Release|Any CPU
		{DDEC51C1-5ED0-473A-B593-6BF291F1A55A}.AppStore|iPhoneSimulator.ActiveCfg = Release|Any CPU
		{DDEC51C1-5ED0-473A-B593-6BF291F1A55A}.AppStore|Mixed Platforms.ActiveCfg = Release|x86
		{DDEC51C1-5ED0-473A-B593-6BF291F1A55A}.AppStore|Mixed Platforms.Build.0 = Release|x86
		{DDEC51C1-5ED0-473A-B593-6BF291F1A55A}.AppStore|Mixed Platforms.Deploy.0 = Release|x86
		{DDEC51C1-5ED0-473A-B593-6BF291F1A55A}.AppStore|x64.ActiveCfg = Release|x64
		{DDEC51C1-5ED0-473A-B593-6BF291F1A55A}.AppStore|x64.Build.0 = Release|x64
		{DDEC51C1-5ED0-473A-B593-6BF291F1A55A}.AppStore|x64.Deploy.0 = Release|x64
		{DDEC51C1-5ED0-473A-B593-6BF291F1A55A}.AppStore|x86.ActiveCfg = Release|x86
		{DDEC51C1-5ED0-473A-B593-6BF291F1A55A}.AppStore|x86.Build.0 = Release|x86
		{DDEC51C1-5ED0-473A-B593-6BF291F1A55A}.AppStore|x86.Deploy.0 = Release|x86
		{DDEC51C1-5ED0-473A-B593-6BF291F1A55A}.Debug|Any CPU.ActiveCfg = Debug|Any CPU
		{DDEC51C1-5ED0-473A-B593-6BF291F1A55A}.Debug|Any CPU.Build.0 = Debug|Any CPU
		{DDEC51C1-5ED0-473A-B593-6BF291F1A55A}.Debug|Any CPU.Deploy.0 = Debug|Any CPU
		{DDEC51C1-5ED0-473A-B593-6BF291F1A55A}.Debug|ARM.ActiveCfg = Debug|ARM
		{DDEC51C1-5ED0-473A-B593-6BF291F1A55A}.Debug|ARM.Build.0 = Debug|ARM
		{DDEC51C1-5ED0-473A-B593-6BF291F1A55A}.Debug|ARM.Deploy.0 = Debug|ARM
		{DDEC51C1-5ED0-473A-B593-6BF291F1A55A}.Debug|iPhone.ActiveCfg = Debug|Any CPU
		{DDEC51C1-5ED0-473A-B593-6BF291F1A55A}.Debug|iPhoneSimulator.ActiveCfg = Debug|Any CPU
		{DDEC51C1-5ED0-473A-B593-6BF291F1A55A}.Debug|Mixed Platforms.ActiveCfg = Debug|x86
		{DDEC51C1-5ED0-473A-B593-6BF291F1A55A}.Debug|Mixed Platforms.Build.0 = Debug|x86
		{DDEC51C1-5ED0-473A-B593-6BF291F1A55A}.Debug|Mixed Platforms.Deploy.0 = Debug|x86
		{DDEC51C1-5ED0-473A-B593-6BF291F1A55A}.Debug|x64.ActiveCfg = Debug|x64
		{DDEC51C1-5ED0-473A-B593-6BF291F1A55A}.Debug|x64.Build.0 = Debug|x64
		{DDEC51C1-5ED0-473A-B593-6BF291F1A55A}.Debug|x64.Deploy.0 = Debug|x64
		{DDEC51C1-5ED0-473A-B593-6BF291F1A55A}.Debug|x86.ActiveCfg = Debug|x86
		{DDEC51C1-5ED0-473A-B593-6BF291F1A55A}.Debug|x86.Build.0 = Debug|x86
		{DDEC51C1-5ED0-473A-B593-6BF291F1A55A}.Debug|x86.Deploy.0 = Debug|x86
		{DDEC51C1-5ED0-473A-B593-6BF291F1A55A}.Release|Any CPU.ActiveCfg = Release|Any CPU
		{DDEC51C1-5ED0-473A-B593-6BF291F1A55A}.Release|Any CPU.Build.0 = Release|Any CPU
		{DDEC51C1-5ED0-473A-B593-6BF291F1A55A}.Release|Any CPU.Deploy.0 = Release|Any CPU
		{DDEC51C1-5ED0-473A-B593-6BF291F1A55A}.Release|ARM.ActiveCfg = Release|ARM
		{DDEC51C1-5ED0-473A-B593-6BF291F1A55A}.Release|ARM.Build.0 = Release|ARM
		{DDEC51C1-5ED0-473A-B593-6BF291F1A55A}.Release|ARM.Deploy.0 = Release|ARM
		{DDEC51C1-5ED0-473A-B593-6BF291F1A55A}.Release|iPhone.ActiveCfg = Release|Any CPU
		{DDEC51C1-5ED0-473A-B593-6BF291F1A55A}.Release|iPhoneSimulator.ActiveCfg = Release|Any CPU
		{DDEC51C1-5ED0-473A-B593-6BF291F1A55A}.Release|Mixed Platforms.ActiveCfg = Release|x86
		{DDEC51C1-5ED0-473A-B593-6BF291F1A55A}.Release|Mixed Platforms.Build.0 = Release|x86
		{DDEC51C1-5ED0-473A-B593-6BF291F1A55A}.Release|Mixed Platforms.Deploy.0 = Release|x86
		{DDEC51C1-5ED0-473A-B593-6BF291F1A55A}.Release|x64.ActiveCfg = Release|x64
		{DDEC51C1-5ED0-473A-B593-6BF291F1A55A}.Release|x64.Build.0 = Release|x64
		{DDEC51C1-5ED0-473A-B593-6BF291F1A55A}.Release|x64.Deploy.0 = Release|x64
		{DDEC51C1-5ED0-473A-B593-6BF291F1A55A}.Release|x86.ActiveCfg = Release|x86
		{DDEC51C1-5ED0-473A-B593-6BF291F1A55A}.Release|x86.Build.0 = Release|x86
		{DDEC51C1-5ED0-473A-B593-6BF291F1A55A}.Release|x86.Deploy.0 = Release|x86
		{8E2D1E6A-900E-4EF4-8FC5-A47326C97A22}.Ad-Hoc|Any CPU.ActiveCfg = Release|x86
		{8E2D1E6A-900E-4EF4-8FC5-A47326C97A22}.Ad-Hoc|ARM.ActiveCfg = Release|ARM
		{8E2D1E6A-900E-4EF4-8FC5-A47326C97A22}.Ad-Hoc|ARM.Build.0 = Release|ARM
		{8E2D1E6A-900E-4EF4-8FC5-A47326C97A22}.Ad-Hoc|ARM.Deploy.0 = Release|ARM
		{8E2D1E6A-900E-4EF4-8FC5-A47326C97A22}.Ad-Hoc|iPhone.ActiveCfg = Release|x86
		{8E2D1E6A-900E-4EF4-8FC5-A47326C97A22}.Ad-Hoc|iPhoneSimulator.ActiveCfg = Release|x86
		{8E2D1E6A-900E-4EF4-8FC5-A47326C97A22}.Ad-Hoc|Mixed Platforms.ActiveCfg = Release|x86
		{8E2D1E6A-900E-4EF4-8FC5-A47326C97A22}.Ad-Hoc|Mixed Platforms.Build.0 = Release|x86
		{8E2D1E6A-900E-4EF4-8FC5-A47326C97A22}.Ad-Hoc|Mixed Platforms.Deploy.0 = Release|x86
		{8E2D1E6A-900E-4EF4-8FC5-A47326C97A22}.Ad-Hoc|x64.ActiveCfg = Release|x86
		{8E2D1E6A-900E-4EF4-8FC5-A47326C97A22}.Ad-Hoc|x86.ActiveCfg = Release|x86
		{8E2D1E6A-900E-4EF4-8FC5-A47326C97A22}.Ad-Hoc|x86.Build.0 = Release|x86
		{8E2D1E6A-900E-4EF4-8FC5-A47326C97A22}.Ad-Hoc|x86.Deploy.0 = Release|x86
		{8E2D1E6A-900E-4EF4-8FC5-A47326C97A22}.AppStore|Any CPU.ActiveCfg = Release|x86
		{8E2D1E6A-900E-4EF4-8FC5-A47326C97A22}.AppStore|ARM.ActiveCfg = Release|ARM
		{8E2D1E6A-900E-4EF4-8FC5-A47326C97A22}.AppStore|ARM.Build.0 = Release|ARM
		{8E2D1E6A-900E-4EF4-8FC5-A47326C97A22}.AppStore|ARM.Deploy.0 = Release|ARM
		{8E2D1E6A-900E-4EF4-8FC5-A47326C97A22}.AppStore|iPhone.ActiveCfg = Release|x86
		{8E2D1E6A-900E-4EF4-8FC5-A47326C97A22}.AppStore|iPhoneSimulator.ActiveCfg = Release|x86
		{8E2D1E6A-900E-4EF4-8FC5-A47326C97A22}.AppStore|Mixed Platforms.ActiveCfg = Release|x86
		{8E2D1E6A-900E-4EF4-8FC5-A47326C97A22}.AppStore|Mixed Platforms.Build.0 = Release|x86
		{8E2D1E6A-900E-4EF4-8FC5-A47326C97A22}.AppStore|Mixed Platforms.Deploy.0 = Release|x86
		{8E2D1E6A-900E-4EF4-8FC5-A47326C97A22}.AppStore|x64.ActiveCfg = Release|x86
		{8E2D1E6A-900E-4EF4-8FC5-A47326C97A22}.AppStore|x86.ActiveCfg = Release|x86
		{8E2D1E6A-900E-4EF4-8FC5-A47326C97A22}.AppStore|x86.Build.0 = Release|x86
		{8E2D1E6A-900E-4EF4-8FC5-A47326C97A22}.AppStore|x86.Deploy.0 = Release|x86
		{8E2D1E6A-900E-4EF4-8FC5-A47326C97A22}.Debug|Any CPU.ActiveCfg = Debug|x86
		{8E2D1E6A-900E-4EF4-8FC5-A47326C97A22}.Debug|ARM.ActiveCfg = Debug|ARM
		{8E2D1E6A-900E-4EF4-8FC5-A47326C97A22}.Debug|ARM.Build.0 = Debug|ARM
		{8E2D1E6A-900E-4EF4-8FC5-A47326C97A22}.Debug|ARM.Deploy.0 = Debug|ARM
		{8E2D1E6A-900E-4EF4-8FC5-A47326C97A22}.Debug|iPhone.ActiveCfg = Debug|x86
		{8E2D1E6A-900E-4EF4-8FC5-A47326C97A22}.Debug|iPhoneSimulator.ActiveCfg = Debug|x86
		{8E2D1E6A-900E-4EF4-8FC5-A47326C97A22}.Debug|Mixed Platforms.ActiveCfg = Debug|x86
		{8E2D1E6A-900E-4EF4-8FC5-A47326C97A22}.Debug|Mixed Platforms.Build.0 = Debug|x86
		{8E2D1E6A-900E-4EF4-8FC5-A47326C97A22}.Debug|Mixed Platforms.Deploy.0 = Debug|x86
		{8E2D1E6A-900E-4EF4-8FC5-A47326C97A22}.Debug|x64.ActiveCfg = Debug|x86
		{8E2D1E6A-900E-4EF4-8FC5-A47326C97A22}.Debug|x86.ActiveCfg = Debug|x86
		{8E2D1E6A-900E-4EF4-8FC5-A47326C97A22}.Debug|x86.Build.0 = Debug|x86
		{8E2D1E6A-900E-4EF4-8FC5-A47326C97A22}.Debug|x86.Deploy.0 = Debug|x86
		{8E2D1E6A-900E-4EF4-8FC5-A47326C97A22}.Release|Any CPU.ActiveCfg = Release|x86
		{8E2D1E6A-900E-4EF4-8FC5-A47326C97A22}.Release|ARM.ActiveCfg = Release|ARM
		{8E2D1E6A-900E-4EF4-8FC5-A47326C97A22}.Release|ARM.Build.0 = Release|ARM
		{8E2D1E6A-900E-4EF4-8FC5-A47326C97A22}.Release|ARM.Deploy.0 = Release|ARM
		{8E2D1E6A-900E-4EF4-8FC5-A47326C97A22}.Release|iPhone.ActiveCfg = Release|x86
		{8E2D1E6A-900E-4EF4-8FC5-A47326C97A22}.Release|iPhoneSimulator.ActiveCfg = Release|x86
		{8E2D1E6A-900E-4EF4-8FC5-A47326C97A22}.Release|Mixed Platforms.ActiveCfg = Release|x86
		{8E2D1E6A-900E-4EF4-8FC5-A47326C97A22}.Release|Mixed Platforms.Build.0 = Release|x86
		{8E2D1E6A-900E-4EF4-8FC5-A47326C97A22}.Release|Mixed Platforms.Deploy.0 = Release|x86
		{8E2D1E6A-900E-4EF4-8FC5-A47326C97A22}.Release|x64.ActiveCfg = Release|x86
		{8E2D1E6A-900E-4EF4-8FC5-A47326C97A22}.Release|x86.ActiveCfg = Release|x86
		{8E2D1E6A-900E-4EF4-8FC5-A47326C97A22}.Release|x86.Build.0 = Release|x86
		{8E2D1E6A-900E-4EF4-8FC5-A47326C97A22}.Release|x86.Deploy.0 = Release|x86
		{7AA64153-F64C-4DAE-8AE3-AD96E4A636E9}.Ad-Hoc|Any CPU.ActiveCfg = Release|Any CPU
		{7AA64153-F64C-4DAE-8AE3-AD96E4A636E9}.Ad-Hoc|Any CPU.Build.0 = Release|Any CPU
		{7AA64153-F64C-4DAE-8AE3-AD96E4A636E9}.Ad-Hoc|ARM.ActiveCfg = Release|Any CPU
		{7AA64153-F64C-4DAE-8AE3-AD96E4A636E9}.Ad-Hoc|iPhone.ActiveCfg = Release|Any CPU
		{7AA64153-F64C-4DAE-8AE3-AD96E4A636E9}.Ad-Hoc|iPhoneSimulator.ActiveCfg = Release|Any CPU
		{7AA64153-F64C-4DAE-8AE3-AD96E4A636E9}.Ad-Hoc|Mixed Platforms.ActiveCfg = Release|Any CPU
		{7AA64153-F64C-4DAE-8AE3-AD96E4A636E9}.Ad-Hoc|Mixed Platforms.Build.0 = Release|Any CPU
		{7AA64153-F64C-4DAE-8AE3-AD96E4A636E9}.Ad-Hoc|x64.ActiveCfg = Release|Any CPU
		{7AA64153-F64C-4DAE-8AE3-AD96E4A636E9}.Ad-Hoc|x86.ActiveCfg = Release|Any CPU
		{7AA64153-F64C-4DAE-8AE3-AD96E4A636E9}.AppStore|Any CPU.ActiveCfg = Release|Any CPU
		{7AA64153-F64C-4DAE-8AE3-AD96E4A636E9}.AppStore|Any CPU.Build.0 = Release|Any CPU
		{7AA64153-F64C-4DAE-8AE3-AD96E4A636E9}.AppStore|ARM.ActiveCfg = Release|Any CPU
		{7AA64153-F64C-4DAE-8AE3-AD96E4A636E9}.AppStore|iPhone.ActiveCfg = Release|Any CPU
		{7AA64153-F64C-4DAE-8AE3-AD96E4A636E9}.AppStore|iPhoneSimulator.ActiveCfg = Release|Any CPU
		{7AA64153-F64C-4DAE-8AE3-AD96E4A636E9}.AppStore|Mixed Platforms.ActiveCfg = Release|Any CPU
		{7AA64153-F64C-4DAE-8AE3-AD96E4A636E9}.AppStore|Mixed Platforms.Build.0 = Release|Any CPU
		{7AA64153-F64C-4DAE-8AE3-AD96E4A636E9}.AppStore|x64.ActiveCfg = Release|Any CPU
		{7AA64153-F64C-4DAE-8AE3-AD96E4A636E9}.AppStore|x86.ActiveCfg = Release|Any CPU
		{7AA64153-F64C-4DAE-8AE3-AD96E4A636E9}.Debug|Any CPU.ActiveCfg = Debug|Any CPU
		{7AA64153-F64C-4DAE-8AE3-AD96E4A636E9}.Debug|Any CPU.Build.0 = Debug|Any CPU
		{7AA64153-F64C-4DAE-8AE3-AD96E4A636E9}.Debug|ARM.ActiveCfg = Debug|Any CPU
		{7AA64153-F64C-4DAE-8AE3-AD96E4A636E9}.Debug|iPhone.ActiveCfg = Debug|Any CPU
		{7AA64153-F64C-4DAE-8AE3-AD96E4A636E9}.Debug|iPhoneSimulator.ActiveCfg = Debug|Any CPU
		{7AA64153-F64C-4DAE-8AE3-AD96E4A636E9}.Debug|Mixed Platforms.ActiveCfg = Debug|Any CPU
		{7AA64153-F64C-4DAE-8AE3-AD96E4A636E9}.Debug|Mixed Platforms.Build.0 = Debug|Any CPU
		{7AA64153-F64C-4DAE-8AE3-AD96E4A636E9}.Debug|x64.ActiveCfg = Debug|Any CPU
		{7AA64153-F64C-4DAE-8AE3-AD96E4A636E9}.Debug|x86.ActiveCfg = Debug|Any CPU
		{7AA64153-F64C-4DAE-8AE3-AD96E4A636E9}.Release|Any CPU.ActiveCfg = Release|Any CPU
		{7AA64153-F64C-4DAE-8AE3-AD96E4A636E9}.Release|Any CPU.Build.0 = Release|Any CPU
		{7AA64153-F64C-4DAE-8AE3-AD96E4A636E9}.Release|ARM.ActiveCfg = Release|Any CPU
		{7AA64153-F64C-4DAE-8AE3-AD96E4A636E9}.Release|iPhone.ActiveCfg = Release|Any CPU
		{7AA64153-F64C-4DAE-8AE3-AD96E4A636E9}.Release|iPhoneSimulator.ActiveCfg = Release|Any CPU
		{7AA64153-F64C-4DAE-8AE3-AD96E4A636E9}.Release|Mixed Platforms.ActiveCfg = Release|Any CPU
		{7AA64153-F64C-4DAE-8AE3-AD96E4A636E9}.Release|Mixed Platforms.Build.0 = Release|Any CPU
		{7AA64153-F64C-4DAE-8AE3-AD96E4A636E9}.Release|x64.ActiveCfg = Release|Any CPU
		{7AA64153-F64C-4DAE-8AE3-AD96E4A636E9}.Release|x86.ActiveCfg = Release|Any CPU
		{F68DBAA1-6D0F-4096-A1CE-853E7A4B5CE4}.Ad-Hoc|Any CPU.ActiveCfg = Release|x64
		{F68DBAA1-6D0F-4096-A1CE-853E7A4B5CE4}.Ad-Hoc|ARM.ActiveCfg = Release|ARM
		{F68DBAA1-6D0F-4096-A1CE-853E7A4B5CE4}.Ad-Hoc|iPhone.ActiveCfg = Release|x64
		{F68DBAA1-6D0F-4096-A1CE-853E7A4B5CE4}.Ad-Hoc|iPhoneSimulator.ActiveCfg = Release|x64
		{F68DBAA1-6D0F-4096-A1CE-853E7A4B5CE4}.Ad-Hoc|Mixed Platforms.ActiveCfg = Release|x86
		{F68DBAA1-6D0F-4096-A1CE-853E7A4B5CE4}.Ad-Hoc|x64.ActiveCfg = Release|x64
		{F68DBAA1-6D0F-4096-A1CE-853E7A4B5CE4}.Ad-Hoc|x86.ActiveCfg = Release|x86
		{F68DBAA1-6D0F-4096-A1CE-853E7A4B5CE4}.AppStore|Any CPU.ActiveCfg = Release|x64
		{F68DBAA1-6D0F-4096-A1CE-853E7A4B5CE4}.AppStore|ARM.ActiveCfg = Release|ARM
		{F68DBAA1-6D0F-4096-A1CE-853E7A4B5CE4}.AppStore|iPhone.ActiveCfg = Release|x64
		{F68DBAA1-6D0F-4096-A1CE-853E7A4B5CE4}.AppStore|iPhoneSimulator.ActiveCfg = Release|x64
		{F68DBAA1-6D0F-4096-A1CE-853E7A4B5CE4}.AppStore|Mixed Platforms.ActiveCfg = Release|x86
		{F68DBAA1-6D0F-4096-A1CE-853E7A4B5CE4}.AppStore|x64.ActiveCfg = Release|x64
		{F68DBAA1-6D0F-4096-A1CE-853E7A4B5CE4}.AppStore|x86.ActiveCfg = Release|x86
		{F68DBAA1-6D0F-4096-A1CE-853E7A4B5CE4}.Debug|Any CPU.ActiveCfg = Debug|x86
		{F68DBAA1-6D0F-4096-A1CE-853E7A4B5CE4}.Debug|ARM.ActiveCfg = Debug|ARM
		{F68DBAA1-6D0F-4096-A1CE-853E7A4B5CE4}.Debug|ARM.Build.0 = Debug|ARM
		{F68DBAA1-6D0F-4096-A1CE-853E7A4B5CE4}.Debug|iPhone.ActiveCfg = Debug|x86
		{F68DBAA1-6D0F-4096-A1CE-853E7A4B5CE4}.Debug|iPhoneSimulator.ActiveCfg = Debug|x86
		{F68DBAA1-6D0F-4096-A1CE-853E7A4B5CE4}.Debug|Mixed Platforms.ActiveCfg = Debug|x86
		{F68DBAA1-6D0F-4096-A1CE-853E7A4B5CE4}.Debug|Mixed Platforms.Build.0 = Debug|x86
		{F68DBAA1-6D0F-4096-A1CE-853E7A4B5CE4}.Debug|x64.ActiveCfg = Debug|x64
		{F68DBAA1-6D0F-4096-A1CE-853E7A4B5CE4}.Debug|x64.Build.0 = Debug|x64
		{F68DBAA1-6D0F-4096-A1CE-853E7A4B5CE4}.Debug|x86.ActiveCfg = Debug|x86
		{F68DBAA1-6D0F-4096-A1CE-853E7A4B5CE4}.Debug|x86.Build.0 = Debug|x86
		{F68DBAA1-6D0F-4096-A1CE-853E7A4B5CE4}.Release|Any CPU.ActiveCfg = Release|x86
		{F68DBAA1-6D0F-4096-A1CE-853E7A4B5CE4}.Release|ARM.ActiveCfg = Release|ARM
		{F68DBAA1-6D0F-4096-A1CE-853E7A4B5CE4}.Release|ARM.Build.0 = Release|ARM
		{F68DBAA1-6D0F-4096-A1CE-853E7A4B5CE4}.Release|iPhone.ActiveCfg = Release|x86
		{F68DBAA1-6D0F-4096-A1CE-853E7A4B5CE4}.Release|iPhoneSimulator.ActiveCfg = Release|x86
		{F68DBAA1-6D0F-4096-A1CE-853E7A4B5CE4}.Release|Mixed Platforms.ActiveCfg = Release|x86
		{F68DBAA1-6D0F-4096-A1CE-853E7A4B5CE4}.Release|Mixed Platforms.Build.0 = Release|x86
		{F68DBAA1-6D0F-4096-A1CE-853E7A4B5CE4}.Release|x64.ActiveCfg = Release|x64
		{F68DBAA1-6D0F-4096-A1CE-853E7A4B5CE4}.Release|x64.Build.0 = Release|x64
		{F68DBAA1-6D0F-4096-A1CE-853E7A4B5CE4}.Release|x86.ActiveCfg = Release|x86
		{F68DBAA1-6D0F-4096-A1CE-853E7A4B5CE4}.Release|x86.Build.0 = Release|x86
		{80CB552F-A744-43EA-8906-8FD88F039040}.Ad-Hoc|Any CPU.ActiveCfg = Release|x64
		{80CB552F-A744-43EA-8906-8FD88F039040}.Ad-Hoc|ARM.ActiveCfg = Release|ARM
		{80CB552F-A744-43EA-8906-8FD88F039040}.Ad-Hoc|iPhone.ActiveCfg = Release|x64
		{80CB552F-A744-43EA-8906-8FD88F039040}.Ad-Hoc|iPhoneSimulator.ActiveCfg = Release|x64
		{80CB552F-A744-43EA-8906-8FD88F039040}.Ad-Hoc|Mixed Platforms.ActiveCfg = Release|x86
		{80CB552F-A744-43EA-8906-8FD88F039040}.Ad-Hoc|x64.ActiveCfg = Release|x64
		{80CB552F-A744-43EA-8906-8FD88F039040}.Ad-Hoc|x86.ActiveCfg = Release|x86
		{80CB552F-A744-43EA-8906-8FD88F039040}.AppStore|Any CPU.ActiveCfg = Release|x64
		{80CB552F-A744-43EA-8906-8FD88F039040}.AppStore|ARM.ActiveCfg = Release|ARM
		{80CB552F-A744-43EA-8906-8FD88F039040}.AppStore|iPhone.ActiveCfg = Release|x64
		{80CB552F-A744-43EA-8906-8FD88F039040}.AppStore|iPhoneSimulator.ActiveCfg = Release|x64
		{80CB552F-A744-43EA-8906-8FD88F039040}.AppStore|Mixed Platforms.ActiveCfg = Release|x86
		{80CB552F-A744-43EA-8906-8FD88F039040}.AppStore|x64.ActiveCfg = Release|x64
		{80CB552F-A744-43EA-8906-8FD88F039040}.AppStore|x86.ActiveCfg = Release|x86
		{80CB552F-A744-43EA-8906-8FD88F039040}.Debug|Any CPU.ActiveCfg = Debug|x86
		{80CB552F-A744-43EA-8906-8FD88F039040}.Debug|ARM.ActiveCfg = Debug|ARM
		{80CB552F-A744-43EA-8906-8FD88F039040}.Debug|ARM.Build.0 = Debug|ARM
		{80CB552F-A744-43EA-8906-8FD88F039040}.Debug|iPhone.ActiveCfg = Debug|x86
		{80CB552F-A744-43EA-8906-8FD88F039040}.Debug|iPhoneSimulator.ActiveCfg = Debug|x86
		{80CB552F-A744-43EA-8906-8FD88F039040}.Debug|Mixed Platforms.ActiveCfg = Debug|x86
		{80CB552F-A744-43EA-8906-8FD88F039040}.Debug|Mixed Platforms.Build.0 = Debug|x86
		{80CB552F-A744-43EA-8906-8FD88F039040}.Debug|x64.ActiveCfg = Debug|x64
		{80CB552F-A744-43EA-8906-8FD88F039040}.Debug|x64.Build.0 = Debug|x64
		{80CB552F-A744-43EA-8906-8FD88F039040}.Debug|x86.ActiveCfg = Debug|x86
		{80CB552F-A744-43EA-8906-8FD88F039040}.Debug|x86.Build.0 = Debug|x86
		{80CB552F-A744-43EA-8906-8FD88F039040}.Release|Any CPU.ActiveCfg = Release|x86
		{80CB552F-A744-43EA-8906-8FD88F039040}.Release|ARM.ActiveCfg = Release|ARM
		{80CB552F-A744-43EA-8906-8FD88F039040}.Release|ARM.Build.0 = Release|ARM
		{80CB552F-A744-43EA-8906-8FD88F039040}.Release|iPhone.ActiveCfg = Release|x86
		{80CB552F-A744-43EA-8906-8FD88F039040}.Release|iPhoneSimulator.ActiveCfg = Release|x86
		{80CB552F-A744-43EA-8906-8FD88F039040}.Release|Mixed Platforms.ActiveCfg = Release|x86
		{80CB552F-A744-43EA-8906-8FD88F039040}.Release|Mixed Platforms.Build.0 = Release|x86
		{80CB552F-A744-43EA-8906-8FD88F039040}.Release|x64.ActiveCfg = Release|x64
		{80CB552F-A744-43EA-8906-8FD88F039040}.Release|x64.Build.0 = Release|x64
		{80CB552F-A744-43EA-8906-8FD88F039040}.Release|x86.ActiveCfg = Release|x86
		{80CB552F-A744-43EA-8906-8FD88F039040}.Release|x86.Build.0 = Release|x86
		{67F9D3A8-F71E-4428-913F-C37AE82CDB24}.Ad-Hoc|Any CPU.ActiveCfg = Release|Any CPU
		{67F9D3A8-F71E-4428-913F-C37AE82CDB24}.Ad-Hoc|Any CPU.Build.0 = Release|Any CPU
		{67F9D3A8-F71E-4428-913F-C37AE82CDB24}.Ad-Hoc|ARM.ActiveCfg = Release|Any CPU
		{67F9D3A8-F71E-4428-913F-C37AE82CDB24}.Ad-Hoc|iPhone.ActiveCfg = Release|Any CPU
		{67F9D3A8-F71E-4428-913F-C37AE82CDB24}.Ad-Hoc|iPhoneSimulator.ActiveCfg = Release|Any CPU
		{67F9D3A8-F71E-4428-913F-C37AE82CDB24}.Ad-Hoc|Mixed Platforms.ActiveCfg = Release|Any CPU
		{67F9D3A8-F71E-4428-913F-C37AE82CDB24}.Ad-Hoc|Mixed Platforms.Build.0 = Release|Any CPU
		{67F9D3A8-F71E-4428-913F-C37AE82CDB24}.Ad-Hoc|x64.ActiveCfg = Release|Any CPU
		{67F9D3A8-F71E-4428-913F-C37AE82CDB24}.Ad-Hoc|x86.ActiveCfg = Release|Any CPU
		{67F9D3A8-F71E-4428-913F-C37AE82CDB24}.AppStore|Any CPU.ActiveCfg = Release|Any CPU
		{67F9D3A8-F71E-4428-913F-C37AE82CDB24}.AppStore|Any CPU.Build.0 = Release|Any CPU
		{67F9D3A8-F71E-4428-913F-C37AE82CDB24}.AppStore|ARM.ActiveCfg = Release|Any CPU
		{67F9D3A8-F71E-4428-913F-C37AE82CDB24}.AppStore|iPhone.ActiveCfg = Release|Any CPU
		{67F9D3A8-F71E-4428-913F-C37AE82CDB24}.AppStore|iPhoneSimulator.ActiveCfg = Release|Any CPU
		{67F9D3A8-F71E-4428-913F-C37AE82CDB24}.AppStore|Mixed Platforms.ActiveCfg = Release|Any CPU
		{67F9D3A8-F71E-4428-913F-C37AE82CDB24}.AppStore|Mixed Platforms.Build.0 = Release|Any CPU
		{67F9D3A8-F71E-4428-913F-C37AE82CDB24}.AppStore|x64.ActiveCfg = Release|Any CPU
		{67F9D3A8-F71E-4428-913F-C37AE82CDB24}.AppStore|x86.ActiveCfg = Release|Any CPU
		{67F9D3A8-F71E-4428-913F-C37AE82CDB24}.Debug|Any CPU.ActiveCfg = Debug|Any CPU
		{67F9D3A8-F71E-4428-913F-C37AE82CDB24}.Debug|Any CPU.Build.0 = Debug|Any CPU
		{67F9D3A8-F71E-4428-913F-C37AE82CDB24}.Debug|ARM.ActiveCfg = Debug|Any CPU
		{67F9D3A8-F71E-4428-913F-C37AE82CDB24}.Debug|iPhone.ActiveCfg = Debug|Any CPU
		{67F9D3A8-F71E-4428-913F-C37AE82CDB24}.Debug|iPhoneSimulator.ActiveCfg = Debug|Any CPU
		{67F9D3A8-F71E-4428-913F-C37AE82CDB24}.Debug|Mixed Platforms.ActiveCfg = Debug|Any CPU
		{67F9D3A8-F71E-4428-913F-C37AE82CDB24}.Debug|Mixed Platforms.Build.0 = Debug|Any CPU
		{67F9D3A8-F71E-4428-913F-C37AE82CDB24}.Debug|x64.ActiveCfg = Debug|Any CPU
		{67F9D3A8-F71E-4428-913F-C37AE82CDB24}.Debug|x86.ActiveCfg = Debug|Any CPU
		{67F9D3A8-F71E-4428-913F-C37AE82CDB24}.Release|Any CPU.ActiveCfg = Release|Any CPU
		{67F9D3A8-F71E-4428-913F-C37AE82CDB24}.Release|Any CPU.Build.0 = Release|Any CPU
		{67F9D3A8-F71E-4428-913F-C37AE82CDB24}.Release|ARM.ActiveCfg = Release|Any CPU
		{67F9D3A8-F71E-4428-913F-C37AE82CDB24}.Release|iPhone.ActiveCfg = Release|Any CPU
		{67F9D3A8-F71E-4428-913F-C37AE82CDB24}.Release|iPhoneSimulator.ActiveCfg = Release|Any CPU
		{67F9D3A8-F71E-4428-913F-C37AE82CDB24}.Release|Mixed Platforms.ActiveCfg = Release|Any CPU
		{67F9D3A8-F71E-4428-913F-C37AE82CDB24}.Release|Mixed Platforms.Build.0 = Release|Any CPU
		{67F9D3A8-F71E-4428-913F-C37AE82CDB24}.Release|x64.ActiveCfg = Release|Any CPU
		{67F9D3A8-F71E-4428-913F-C37AE82CDB24}.Release|x86.ActiveCfg = Release|Any CPU
		{169468C7-E225-43D0-960C-D5BA4A1212D1}.Ad-Hoc|Any CPU.ActiveCfg = Release|Any CPU
		{169468C7-E225-43D0-960C-D5BA4A1212D1}.Ad-Hoc|ARM.ActiveCfg = Release|Any CPU
		{169468C7-E225-43D0-960C-D5BA4A1212D1}.Ad-Hoc|iPhone.ActiveCfg = Release|Any CPU
		{169468C7-E225-43D0-960C-D5BA4A1212D1}.Ad-Hoc|iPhoneSimulator.ActiveCfg = Release|Any CPU
		{169468C7-E225-43D0-960C-D5BA4A1212D1}.Ad-Hoc|Mixed Platforms.ActiveCfg = Release|Any CPU
		{169468C7-E225-43D0-960C-D5BA4A1212D1}.Ad-Hoc|x64.ActiveCfg = Release|Any CPU
		{169468C7-E225-43D0-960C-D5BA4A1212D1}.Ad-Hoc|x86.ActiveCfg = Release|Any CPU
		{169468C7-E225-43D0-960C-D5BA4A1212D1}.AppStore|Any CPU.ActiveCfg = Release|Any CPU
		{169468C7-E225-43D0-960C-D5BA4A1212D1}.AppStore|ARM.ActiveCfg = Release|Any CPU
		{169468C7-E225-43D0-960C-D5BA4A1212D1}.AppStore|iPhone.ActiveCfg = Release|Any CPU
		{169468C7-E225-43D0-960C-D5BA4A1212D1}.AppStore|iPhoneSimulator.ActiveCfg = Release|Any CPU
		{169468C7-E225-43D0-960C-D5BA4A1212D1}.AppStore|Mixed Platforms.ActiveCfg = Release|Any CPU
		{169468C7-E225-43D0-960C-D5BA4A1212D1}.AppStore|x64.ActiveCfg = Release|Any CPU
		{169468C7-E225-43D0-960C-D5BA4A1212D1}.AppStore|x86.ActiveCfg = Release|Any CPU
		{169468C7-E225-43D0-960C-D5BA4A1212D1}.Debug|Any CPU.ActiveCfg = Debug|Any CPU
		{169468C7-E225-43D0-960C-D5BA4A1212D1}.Debug|Any CPU.Build.0 = Debug|Any CPU
		{169468C7-E225-43D0-960C-D5BA4A1212D1}.Debug|ARM.ActiveCfg = Debug|Any CPU
		{169468C7-E225-43D0-960C-D5BA4A1212D1}.Debug|ARM.Build.0 = Debug|Any CPU
		{169468C7-E225-43D0-960C-D5BA4A1212D1}.Debug|iPhone.ActiveCfg = Debug|Any CPU
		{169468C7-E225-43D0-960C-D5BA4A1212D1}.Debug|iPhoneSimulator.ActiveCfg = Debug|Any CPU
		{169468C7-E225-43D0-960C-D5BA4A1212D1}.Debug|Mixed Platforms.ActiveCfg = Debug|Any CPU
		{169468C7-E225-43D0-960C-D5BA4A1212D1}.Debug|Mixed Platforms.Build.0 = Debug|Any CPU
		{169468C7-E225-43D0-960C-D5BA4A1212D1}.Debug|x64.ActiveCfg = Debug|Any CPU
		{169468C7-E225-43D0-960C-D5BA4A1212D1}.Debug|x64.Build.0 = Debug|Any CPU
		{169468C7-E225-43D0-960C-D5BA4A1212D1}.Debug|x86.ActiveCfg = Debug|Any CPU
		{169468C7-E225-43D0-960C-D5BA4A1212D1}.Debug|x86.Build.0 = Debug|Any CPU
		{169468C7-E225-43D0-960C-D5BA4A1212D1}.Release|Any CPU.ActiveCfg = Release|Any CPU
		{169468C7-E225-43D0-960C-D5BA4A1212D1}.Release|Any CPU.Build.0 = Release|Any CPU
		{169468C7-E225-43D0-960C-D5BA4A1212D1}.Release|ARM.ActiveCfg = Release|Any CPU
		{169468C7-E225-43D0-960C-D5BA4A1212D1}.Release|ARM.Build.0 = Release|Any CPU
		{169468C7-E225-43D0-960C-D5BA4A1212D1}.Release|iPhone.ActiveCfg = Release|Any CPU
		{169468C7-E225-43D0-960C-D5BA4A1212D1}.Release|iPhoneSimulator.ActiveCfg = Release|Any CPU
		{169468C7-E225-43D0-960C-D5BA4A1212D1}.Release|Mixed Platforms.ActiveCfg = Release|Any CPU
		{169468C7-E225-43D0-960C-D5BA4A1212D1}.Release|Mixed Platforms.Build.0 = Release|Any CPU
		{169468C7-E225-43D0-960C-D5BA4A1212D1}.Release|x64.ActiveCfg = Release|Any CPU
		{169468C7-E225-43D0-960C-D5BA4A1212D1}.Release|x64.Build.0 = Release|Any CPU
		{169468C7-E225-43D0-960C-D5BA4A1212D1}.Release|x86.ActiveCfg = Release|Any CPU
		{97B14871-CCC1-4FA5-82CB-EFEFEC638C9E}.Ad-Hoc|Any CPU.ActiveCfg = Release|Any CPU
		{97B14871-CCC1-4FA5-82CB-EFEFEC638C9E}.Ad-Hoc|Any CPU.Build.0 = Release|Any CPU
		{97B14871-CCC1-4FA5-82CB-EFEFEC638C9E}.Ad-Hoc|ARM.ActiveCfg = Release|Any CPU
		{97B14871-CCC1-4FA5-82CB-EFEFEC638C9E}.Ad-Hoc|iPhone.ActiveCfg = Release|Any CPU
		{97B14871-CCC1-4FA5-82CB-EFEFEC638C9E}.Ad-Hoc|iPhoneSimulator.ActiveCfg = Release|Any CPU
		{97B14871-CCC1-4FA5-82CB-EFEFEC638C9E}.Ad-Hoc|Mixed Platforms.ActiveCfg = Release|Any CPU
		{97B14871-CCC1-4FA5-82CB-EFEFEC638C9E}.Ad-Hoc|Mixed Platforms.Build.0 = Release|Any CPU
		{97B14871-CCC1-4FA5-82CB-EFEFEC638C9E}.Ad-Hoc|x64.ActiveCfg = Release|Any CPU
		{97B14871-CCC1-4FA5-82CB-EFEFEC638C9E}.Ad-Hoc|x86.ActiveCfg = Release|Any CPU
		{97B14871-CCC1-4FA5-82CB-EFEFEC638C9E}.AppStore|Any CPU.ActiveCfg = Release|Any CPU
		{97B14871-CCC1-4FA5-82CB-EFEFEC638C9E}.AppStore|Any CPU.Build.0 = Release|Any CPU
		{97B14871-CCC1-4FA5-82CB-EFEFEC638C9E}.AppStore|ARM.ActiveCfg = Release|Any CPU
		{97B14871-CCC1-4FA5-82CB-EFEFEC638C9E}.AppStore|iPhone.ActiveCfg = Release|Any CPU
		{97B14871-CCC1-4FA5-82CB-EFEFEC638C9E}.AppStore|iPhoneSimulator.ActiveCfg = Release|Any CPU
		{97B14871-CCC1-4FA5-82CB-EFEFEC638C9E}.AppStore|Mixed Platforms.ActiveCfg = Release|Any CPU
		{97B14871-CCC1-4FA5-82CB-EFEFEC638C9E}.AppStore|Mixed Platforms.Build.0 = Release|Any CPU
		{97B14871-CCC1-4FA5-82CB-EFEFEC638C9E}.AppStore|x64.ActiveCfg = Release|Any CPU
		{97B14871-CCC1-4FA5-82CB-EFEFEC638C9E}.AppStore|x86.ActiveCfg = Release|Any CPU
		{97B14871-CCC1-4FA5-82CB-EFEFEC638C9E}.Debug|Any CPU.ActiveCfg = Debug|Any CPU
		{97B14871-CCC1-4FA5-82CB-EFEFEC638C9E}.Debug|Any CPU.Build.0 = Debug|Any CPU
		{97B14871-CCC1-4FA5-82CB-EFEFEC638C9E}.Debug|ARM.ActiveCfg = Debug|Any CPU
		{97B14871-CCC1-4FA5-82CB-EFEFEC638C9E}.Debug|iPhone.ActiveCfg = Debug|Any CPU
		{97B14871-CCC1-4FA5-82CB-EFEFEC638C9E}.Debug|iPhoneSimulator.ActiveCfg = Debug|Any CPU
		{97B14871-CCC1-4FA5-82CB-EFEFEC638C9E}.Debug|Mixed Platforms.ActiveCfg = Debug|Any CPU
		{97B14871-CCC1-4FA5-82CB-EFEFEC638C9E}.Debug|Mixed Platforms.Build.0 = Debug|Any CPU
		{97B14871-CCC1-4FA5-82CB-EFEFEC638C9E}.Debug|x64.ActiveCfg = Debug|Any CPU
		{97B14871-CCC1-4FA5-82CB-EFEFEC638C9E}.Debug|x86.ActiveCfg = Debug|Any CPU
		{97B14871-CCC1-4FA5-82CB-EFEFEC638C9E}.Release|Any CPU.ActiveCfg = Release|Any CPU
		{97B14871-CCC1-4FA5-82CB-EFEFEC638C9E}.Release|Any CPU.Build.0 = Release|Any CPU
		{97B14871-CCC1-4FA5-82CB-EFEFEC638C9E}.Release|ARM.ActiveCfg = Release|Any CPU
		{97B14871-CCC1-4FA5-82CB-EFEFEC638C9E}.Release|iPhone.ActiveCfg = Release|Any CPU
		{97B14871-CCC1-4FA5-82CB-EFEFEC638C9E}.Release|iPhoneSimulator.ActiveCfg = Release|Any CPU
		{97B14871-CCC1-4FA5-82CB-EFEFEC638C9E}.Release|Mixed Platforms.ActiveCfg = Release|Any CPU
		{97B14871-CCC1-4FA5-82CB-EFEFEC638C9E}.Release|Mixed Platforms.Build.0 = Release|Any CPU
		{97B14871-CCC1-4FA5-82CB-EFEFEC638C9E}.Release|x64.ActiveCfg = Release|Any CPU
		{97B14871-CCC1-4FA5-82CB-EFEFEC638C9E}.Release|x86.ActiveCfg = Release|Any CPU
	EndGlobalSection
	GlobalSection(SolutionProperties) = preSolution
		HideSolutionNode = FALSE
	EndGlobalSection
	GlobalSection(NestedProjects) = preSolution
		{FB719AFE-8F13-4F65-A713-56C004FD2D5A} = {B9A4A8CF-DC5B-4F92-B7D2-D7BF84386587}
		{D6B10840-7B41-4251-A081-EBC1E86FCD2D} = {B9A4A8CF-DC5B-4F92-B7D2-D7BF84386587}
		{D00DC503-CEF6-4565-ABEA-3024D6B02851} = {B9A4A8CF-DC5B-4F92-B7D2-D7BF84386587}
		{F25B0F1E-FE19-49B2-8BC3-F3CE168DB5CD} = {A605615E-DD69-4D49-B045-FAF5205FF4A2}
		{A98753AD-F740-4BD1-B34D-A1C170553982} = {A605615E-DD69-4D49-B045-FAF5205FF4A2}
		{B627A885-CF5C-4359-9533-BCC89804541B} = {A605615E-DD69-4D49-B045-FAF5205FF4A2}
		{FE86EB90-083E-4411-884B-AA5EF63C306D} = {A8D2B638-A58D-4F7E-A4C7-720BA695DCEF}
		{DDEC51C1-5ED0-473A-B593-6BF291F1A55A} = {A8D2B638-A58D-4F7E-A4C7-720BA695DCEF}
		{8E2D1E6A-900E-4EF4-8FC5-A47326C97A22} = {A8D2B638-A58D-4F7E-A4C7-720BA695DCEF}
		{7AA64153-F64C-4DAE-8AE3-AD96E4A636E9} = {B9A4A8CF-DC5B-4F92-B7D2-D7BF84386587}
		{F68DBAA1-6D0F-4096-A1CE-853E7A4B5CE4} = {A605615E-DD69-4D49-B045-FAF5205FF4A2}
		{80CB552F-A744-43EA-8906-8FD88F039040} = {B9A4A8CF-DC5B-4F92-B7D2-D7BF84386587}
		{67F9D3A8-F71E-4428-913F-C37AE82CDB24} = {B9A4A8CF-DC5B-4F92-B7D2-D7BF84386587}
		{169468C7-E225-43D0-960C-D5BA4A1212D1} = {A605615E-DD69-4D49-B045-FAF5205FF4A2}
		{48114CAF-C43A-4E92-A385-1A99705ECE76} = {B9A4A8CF-DC5B-4F92-B7D2-D7BF84386587}
		{F81956E7-0505-4C7D-B429-DE8309303146} = {A605615E-DD69-4D49-B045-FAF5205FF4A2}
		{97B14871-CCC1-4FA5-82CB-EFEFEC638C9E} = {A605615E-DD69-4D49-B045-FAF5205FF4A2}
	EndGlobalSection
EndGlobal
