
Microsoft Visual Studio Solution File, Format Version 12.00
# Visual Studio 15
VisualStudioVersion = 15.0.26114.2
MinimumVisualStudioVersion = 10.0.40219.1
Project("{FAE04EC0-301F-11D3-BF4B-00C04F79EFBC}") = "Okra.Core", "src\Okra.Core\Okra.Core.csproj", "{A7393A4A-B0D9-4AAB-A3E5-0AB5EABF4DD3}"
EndProject
Project("{FAE04EC0-301F-11D3-BF4B-00C04F79EFBC}") = "Okra.Core.Tests", "test\Okra.Core.Tests\Okra.Core.Tests.csproj", "{F19E4ADB-BA79-492A-91F9-FF6BB00EF7A3}"
EndProject
Global
	GlobalSection(SolutionConfigurationPlatforms) = preSolution
		Debug|Any CPU = Debug|Any CPU
		Release|Any CPU = Release|Any CPU
	EndGlobalSection
	GlobalSection(ProjectConfigurationPlatforms) = postSolution
		{A7393A4A-B0D9-4AAB-A3E5-0AB5EABF4DD3}.Debug|Any CPU.ActiveCfg = Debug|Any CPU
		{A7393A4A-B0D9-4AAB-A3E5-0AB5EABF4DD3}.Debug|Any CPU.Build.0 = Debug|Any CPU
		{A7393A4A-B0D9-4AAB-A3E5-0AB5EABF4DD3}.Release|Any CPU.ActiveCfg = Release|Any CPU
		{A7393A4A-B0D9-4AAB-A3E5-0AB5EABF4DD3}.Release|Any CPU.Build.0 = Release|Any CPU
		{F19E4ADB-BA79-492A-91F9-FF6BB00EF7A3}.Debug|Any CPU.ActiveCfg = Debug|Any CPU
		{F19E4ADB-BA79-492A-91F9-FF6BB00EF7A3}.Debug|Any CPU.Build.0 = Debug|Any CPU
		{F19E4ADB-BA79-492A-91F9-FF6BB00EF7A3}.Release|Any CPU.ActiveCfg = Release|Any CPU
		{F19E4ADB-BA79-492A-91F9-FF6BB00EF7A3}.Release|Any CPU.Build.0 = Release|Any CPU
	EndGlobalSection
	GlobalSection(SolutionProperties) = preSolution
		HideSolutionNode = FALSE
	EndGlobalSection
EndGlobal
