
Microsoft Visual Studio Solution File, Format Version 12.00
# Visual Studio 14
VisualStudioVersion = 14.0.24720.0
MinimumVisualStudioVersion = 10.0.40219.1
Project("{FAE04EC0-301F-11D3-BF4B-00C04F79EFBC}") = "Okra.PortableCore", "src\Okra.Core\Okra.PortableCore\Okra.PortableCore.csproj", "{7B05B679-6649-430C-9575-A19E2120169B}"
EndProject
Project("{2150E333-8FDC-42A3-9474-1A3956D46DE8}") = "Okra.Core", "Okra.Core", "{0E200AFC-42A0-4C92-99B1-7EDBBDDD42C3}"
EndProject
Project("{2150E333-8FDC-42A3-9474-1A3956D46DE8}") = "Okra.Core.Tests", "Okra.Core.Tests", "{3D3392CD-16DF-48A8-9D79-50D71F27AC86}"
EndProject
Project("{FAE04EC0-301F-11D3-BF4B-00C04F79EFBC}") = "Okra.PortableCore.Tests", "test\Okra.Core.Tests\Okra.PortableCore.Tests\Okra.PortableCore.Tests.csproj", "{BDA04465-5CAE-46A6-B697-7E83809291D4}"
EndProject
Project("{2150E333-8FDC-42A3-9474-1A3956D46DE8}") = "Okra.MEF", "Okra.MEF", "{59D6DAE7-34A3-4D47-8A46-F8EE71FFD9ED}"
EndProject
Project("{FAE04EC0-301F-11D3-BF4B-00C04F79EFBC}") = "Okra.MEF.PortableCore", "src\Okra.MEF\Okra.MEF.PortableCore\Okra.MEF.PortableCore.csproj", "{FB46A822-C786-40DA-82F8-34EFA9C69B55}"
EndProject
Project("{2150E333-8FDC-42A3-9474-1A3956D46DE8}") = "Okra.MEF.Tests", "Okra.MEF.Tests", "{2862E2E6-FFCB-4DC9-B13C-F1744DB3DC21}"
EndProject
Project("{FAE04EC0-301F-11D3-BF4B-00C04F79EFBC}") = "Okra.MEF.Tests.PortableCore", "test\Okra.MEF.Tests\Okra.MEF.Tests.PortableCore\Okra.MEF.Tests.PortableCore.csproj", "{6A432A38-A7E4-4FA7-8169-D7C6F30524D5}"
EndProject
Project("{FAE04EC0-301F-11D3-BF4B-00C04F79EFBC}") = "Okra.Core.Universal", "src\Okra.Core\Okra.Core.Universal\Okra.Core.Universal.csproj", "{29FF1019-D545-4E72-9CCD-ADF376A71716}"
EndProject
Project("{FAE04EC0-301F-11D3-BF4B-00C04F79EFBC}") = "Okra.Core.Universal.Tests", "test\Okra.Core.Tests\Okra.Core.Universal.Tests\Okra.Core.Universal.Tests.csproj", "{02E8B38F-2BD0-49F7-ADF7-B0DF73D345F5}"
EndProject
Global
	GlobalSection(SolutionConfigurationPlatforms) = preSolution
		Debug|Any CPU = Debug|Any CPU
		Debug|ARM = Debug|ARM
		Debug|x64 = Debug|x64
		Debug|x86 = Debug|x86
		Release|Any CPU = Release|Any CPU
		Release|ARM = Release|ARM
		Release|x64 = Release|x64
		Release|x86 = Release|x86
	EndGlobalSection
	GlobalSection(ProjectConfigurationPlatforms) = postSolution
		{7B05B679-6649-430C-9575-A19E2120169B}.Debug|Any CPU.ActiveCfg = Debug|Any CPU
		{7B05B679-6649-430C-9575-A19E2120169B}.Debug|Any CPU.Build.0 = Debug|Any CPU
		{7B05B679-6649-430C-9575-A19E2120169B}.Debug|ARM.ActiveCfg = Debug|Any CPU
		{7B05B679-6649-430C-9575-A19E2120169B}.Debug|ARM.Build.0 = Debug|Any CPU
		{7B05B679-6649-430C-9575-A19E2120169B}.Debug|x64.ActiveCfg = Debug|Any CPU
		{7B05B679-6649-430C-9575-A19E2120169B}.Debug|x64.Build.0 = Debug|Any CPU
		{7B05B679-6649-430C-9575-A19E2120169B}.Debug|x86.ActiveCfg = Debug|Any CPU
		{7B05B679-6649-430C-9575-A19E2120169B}.Debug|x86.Build.0 = Debug|Any CPU
		{7B05B679-6649-430C-9575-A19E2120169B}.Release|Any CPU.ActiveCfg = Release|Any CPU
		{7B05B679-6649-430C-9575-A19E2120169B}.Release|Any CPU.Build.0 = Release|Any CPU
		{7B05B679-6649-430C-9575-A19E2120169B}.Release|ARM.ActiveCfg = Release|Any CPU
		{7B05B679-6649-430C-9575-A19E2120169B}.Release|ARM.Build.0 = Release|Any CPU
		{7B05B679-6649-430C-9575-A19E2120169B}.Release|x64.ActiveCfg = Release|Any CPU
		{7B05B679-6649-430C-9575-A19E2120169B}.Release|x64.Build.0 = Release|Any CPU
		{7B05B679-6649-430C-9575-A19E2120169B}.Release|x86.ActiveCfg = Release|Any CPU
		{7B05B679-6649-430C-9575-A19E2120169B}.Release|x86.Build.0 = Release|Any CPU
		{BDA04465-5CAE-46A6-B697-7E83809291D4}.Debug|Any CPU.ActiveCfg = Debug|Any CPU
		{BDA04465-5CAE-46A6-B697-7E83809291D4}.Debug|Any CPU.Build.0 = Debug|Any CPU
		{BDA04465-5CAE-46A6-B697-7E83809291D4}.Debug|ARM.ActiveCfg = Debug|Any CPU
		{BDA04465-5CAE-46A6-B697-7E83809291D4}.Debug|ARM.Build.0 = Debug|Any CPU
		{BDA04465-5CAE-46A6-B697-7E83809291D4}.Debug|x64.ActiveCfg = Debug|Any CPU
		{BDA04465-5CAE-46A6-B697-7E83809291D4}.Debug|x64.Build.0 = Debug|Any CPU
		{BDA04465-5CAE-46A6-B697-7E83809291D4}.Debug|x86.ActiveCfg = Debug|Any CPU
		{BDA04465-5CAE-46A6-B697-7E83809291D4}.Debug|x86.Build.0 = Debug|Any CPU
		{BDA04465-5CAE-46A6-B697-7E83809291D4}.Release|Any CPU.ActiveCfg = Release|Any CPU
		{BDA04465-5CAE-46A6-B697-7E83809291D4}.Release|Any CPU.Build.0 = Release|Any CPU
		{BDA04465-5CAE-46A6-B697-7E83809291D4}.Release|ARM.ActiveCfg = Release|Any CPU
		{BDA04465-5CAE-46A6-B697-7E83809291D4}.Release|ARM.Build.0 = Release|Any CPU
		{BDA04465-5CAE-46A6-B697-7E83809291D4}.Release|x64.ActiveCfg = Release|Any CPU
		{BDA04465-5CAE-46A6-B697-7E83809291D4}.Release|x64.Build.0 = Release|Any CPU
		{BDA04465-5CAE-46A6-B697-7E83809291D4}.Release|x86.ActiveCfg = Release|Any CPU
		{BDA04465-5CAE-46A6-B697-7E83809291D4}.Release|x86.Build.0 = Release|Any CPU
		{FB46A822-C786-40DA-82F8-34EFA9C69B55}.Debug|Any CPU.ActiveCfg = Debug|Any CPU
		{FB46A822-C786-40DA-82F8-34EFA9C69B55}.Debug|Any CPU.Build.0 = Debug|Any CPU
		{FB46A822-C786-40DA-82F8-34EFA9C69B55}.Debug|ARM.ActiveCfg = Debug|Any CPU
		{FB46A822-C786-40DA-82F8-34EFA9C69B55}.Debug|ARM.Build.0 = Debug|Any CPU
		{FB46A822-C786-40DA-82F8-34EFA9C69B55}.Debug|x64.ActiveCfg = Debug|Any CPU
		{FB46A822-C786-40DA-82F8-34EFA9C69B55}.Debug|x64.Build.0 = Debug|Any CPU
		{FB46A822-C786-40DA-82F8-34EFA9C69B55}.Debug|x86.ActiveCfg = Debug|Any CPU
		{FB46A822-C786-40DA-82F8-34EFA9C69B55}.Debug|x86.Build.0 = Debug|Any CPU
		{FB46A822-C786-40DA-82F8-34EFA9C69B55}.Release|Any CPU.ActiveCfg = Release|Any CPU
		{FB46A822-C786-40DA-82F8-34EFA9C69B55}.Release|Any CPU.Build.0 = Release|Any CPU
		{FB46A822-C786-40DA-82F8-34EFA9C69B55}.Release|ARM.ActiveCfg = Release|Any CPU
		{FB46A822-C786-40DA-82F8-34EFA9C69B55}.Release|ARM.Build.0 = Release|Any CPU
		{FB46A822-C786-40DA-82F8-34EFA9C69B55}.Release|x64.ActiveCfg = Release|Any CPU
		{FB46A822-C786-40DA-82F8-34EFA9C69B55}.Release|x64.Build.0 = Release|Any CPU
		{FB46A822-C786-40DA-82F8-34EFA9C69B55}.Release|x86.ActiveCfg = Release|Any CPU
		{FB46A822-C786-40DA-82F8-34EFA9C69B55}.Release|x86.Build.0 = Release|Any CPU
		{6A432A38-A7E4-4FA7-8169-D7C6F30524D5}.Debug|Any CPU.ActiveCfg = Debug|Any CPU
		{6A432A38-A7E4-4FA7-8169-D7C6F30524D5}.Debug|Any CPU.Build.0 = Debug|Any CPU
		{6A432A38-A7E4-4FA7-8169-D7C6F30524D5}.Debug|ARM.ActiveCfg = Debug|Any CPU
		{6A432A38-A7E4-4FA7-8169-D7C6F30524D5}.Debug|ARM.Build.0 = Debug|Any CPU
		{6A432A38-A7E4-4FA7-8169-D7C6F30524D5}.Debug|x64.ActiveCfg = Debug|Any CPU
		{6A432A38-A7E4-4FA7-8169-D7C6F30524D5}.Debug|x64.Build.0 = Debug|Any CPU
		{6A432A38-A7E4-4FA7-8169-D7C6F30524D5}.Debug|x86.ActiveCfg = Debug|Any CPU
		{6A432A38-A7E4-4FA7-8169-D7C6F30524D5}.Debug|x86.Build.0 = Debug|Any CPU
		{6A432A38-A7E4-4FA7-8169-D7C6F30524D5}.Release|Any CPU.ActiveCfg = Release|Any CPU
		{6A432A38-A7E4-4FA7-8169-D7C6F30524D5}.Release|Any CPU.Build.0 = Release|Any CPU
		{6A432A38-A7E4-4FA7-8169-D7C6F30524D5}.Release|ARM.ActiveCfg = Release|Any CPU
		{6A432A38-A7E4-4FA7-8169-D7C6F30524D5}.Release|ARM.Build.0 = Release|Any CPU
		{6A432A38-A7E4-4FA7-8169-D7C6F30524D5}.Release|x64.ActiveCfg = Release|Any CPU
		{6A432A38-A7E4-4FA7-8169-D7C6F30524D5}.Release|x64.Build.0 = Release|Any CPU
		{6A432A38-A7E4-4FA7-8169-D7C6F30524D5}.Release|x86.ActiveCfg = Release|Any CPU
		{6A432A38-A7E4-4FA7-8169-D7C6F30524D5}.Release|x86.Build.0 = Release|Any CPU
		{29FF1019-D545-4E72-9CCD-ADF376A71716}.Debug|Any CPU.ActiveCfg = Debug|Any CPU
		{29FF1019-D545-4E72-9CCD-ADF376A71716}.Debug|Any CPU.Build.0 = Debug|Any CPU
		{29FF1019-D545-4E72-9CCD-ADF376A71716}.Debug|ARM.ActiveCfg = Debug|ARM
		{29FF1019-D545-4E72-9CCD-ADF376A71716}.Debug|ARM.Build.0 = Debug|ARM
		{29FF1019-D545-4E72-9CCD-ADF376A71716}.Debug|x64.ActiveCfg = Debug|x64
		{29FF1019-D545-4E72-9CCD-ADF376A71716}.Debug|x64.Build.0 = Debug|x64
		{29FF1019-D545-4E72-9CCD-ADF376A71716}.Debug|x86.ActiveCfg = Debug|x86
		{29FF1019-D545-4E72-9CCD-ADF376A71716}.Debug|x86.Build.0 = Debug|x86
		{29FF1019-D545-4E72-9CCD-ADF376A71716}.Release|Any CPU.ActiveCfg = Release|Any CPU
		{29FF1019-D545-4E72-9CCD-ADF376A71716}.Release|Any CPU.Build.0 = Release|Any CPU
		{29FF1019-D545-4E72-9CCD-ADF376A71716}.Release|ARM.ActiveCfg = Release|ARM
		{29FF1019-D545-4E72-9CCD-ADF376A71716}.Release|ARM.Build.0 = Release|ARM
		{29FF1019-D545-4E72-9CCD-ADF376A71716}.Release|x64.ActiveCfg = Release|x64
		{29FF1019-D545-4E72-9CCD-ADF376A71716}.Release|x64.Build.0 = Release|x64
		{29FF1019-D545-4E72-9CCD-ADF376A71716}.Release|x86.ActiveCfg = Release|x86
		{29FF1019-D545-4E72-9CCD-ADF376A71716}.Release|x86.Build.0 = Release|x86
		{02E8B38F-2BD0-49F7-ADF7-B0DF73D345F5}.Debug|Any CPU.ActiveCfg = Debug|x86
		{02E8B38F-2BD0-49F7-ADF7-B0DF73D345F5}.Debug|ARM.ActiveCfg = Debug|ARM
		{02E8B38F-2BD0-49F7-ADF7-B0DF73D345F5}.Debug|ARM.Build.0 = Debug|ARM
		{02E8B38F-2BD0-49F7-ADF7-B0DF73D345F5}.Debug|ARM.Deploy.0 = Debug|ARM
		{02E8B38F-2BD0-49F7-ADF7-B0DF73D345F5}.Debug|x64.ActiveCfg = Debug|x64
		{02E8B38F-2BD0-49F7-ADF7-B0DF73D345F5}.Debug|x64.Build.0 = Debug|x64
		{02E8B38F-2BD0-49F7-ADF7-B0DF73D345F5}.Debug|x64.Deploy.0 = Debug|x64
		{02E8B38F-2BD0-49F7-ADF7-B0DF73D345F5}.Debug|x86.ActiveCfg = Debug|x86
		{02E8B38F-2BD0-49F7-ADF7-B0DF73D345F5}.Debug|x86.Build.0 = Debug|x86
		{02E8B38F-2BD0-49F7-ADF7-B0DF73D345F5}.Debug|x86.Deploy.0 = Debug|x86
		{02E8B38F-2BD0-49F7-ADF7-B0DF73D345F5}.Release|Any CPU.ActiveCfg = Release|x86
		{02E8B38F-2BD0-49F7-ADF7-B0DF73D345F5}.Release|ARM.ActiveCfg = Release|ARM
		{02E8B38F-2BD0-49F7-ADF7-B0DF73D345F5}.Release|ARM.Build.0 = Release|ARM
		{02E8B38F-2BD0-49F7-ADF7-B0DF73D345F5}.Release|ARM.Deploy.0 = Release|ARM
		{02E8B38F-2BD0-49F7-ADF7-B0DF73D345F5}.Release|x64.ActiveCfg = Release|x64
		{02E8B38F-2BD0-49F7-ADF7-B0DF73D345F5}.Release|x64.Build.0 = Release|x64
		{02E8B38F-2BD0-49F7-ADF7-B0DF73D345F5}.Release|x64.Deploy.0 = Release|x64
		{02E8B38F-2BD0-49F7-ADF7-B0DF73D345F5}.Release|x86.ActiveCfg = Release|x86
		{02E8B38F-2BD0-49F7-ADF7-B0DF73D345F5}.Release|x86.Build.0 = Release|x86
		{02E8B38F-2BD0-49F7-ADF7-B0DF73D345F5}.Release|x86.Deploy.0 = Release|x86
	EndGlobalSection
	GlobalSection(SolutionProperties) = preSolution
		HideSolutionNode = FALSE
	EndGlobalSection
	GlobalSection(NestedProjects) = preSolution
		{7B05B679-6649-430C-9575-A19E2120169B} = {0E200AFC-42A0-4C92-99B1-7EDBBDDD42C3}
		{BDA04465-5CAE-46A6-B697-7E83809291D4} = {3D3392CD-16DF-48A8-9D79-50D71F27AC86}
		{FB46A822-C786-40DA-82F8-34EFA9C69B55} = {59D6DAE7-34A3-4D47-8A46-F8EE71FFD9ED}
		{6A432A38-A7E4-4FA7-8169-D7C6F30524D5} = {2862E2E6-FFCB-4DC9-B13C-F1744DB3DC21}
		{29FF1019-D545-4E72-9CCD-ADF376A71716} = {0E200AFC-42A0-4C92-99B1-7EDBBDDD42C3}
		{02E8B38F-2BD0-49F7-ADF7-B0DF73D345F5} = {3D3392CD-16DF-48A8-9D79-50D71F27AC86}
	EndGlobalSection
EndGlobal
