
Microsoft Visual Studio Solution File, Format Version 12.00
# Visual Studio 14
VisualStudioVersion = 14.0.22907.0
MinimumVisualStudioVersion = 10.0.40219.1
Project("{2150E333-8FDC-42A3-9474-1A3956D46DE8}") = "Okra.Core", "Okra.Core", "{B9A4A8CF-DC5B-4F92-B7D2-D7BF84386587}"
EndProject
Project("{D954291E-2A0B-460D-934E-DC6B0785DB48}") = "Okra.Core.Shared", "src\Okra.Core\Okra.Core.Shared\Okra.Core.Shared.shproj", "{FB719AFE-8F13-4F65-A713-56C004FD2D5A}"
EndProject
Project("{FAE04EC0-301F-11D3-BF4B-00C04F79EFBC}") = "Okra.Core.Windows", "src\Okra.Core\Okra.Core.Windows\Okra.Core.Windows.csproj", "{D6B10840-7B41-4251-A081-EBC1E86FCD2D}"
EndProject
Project("{FAE04EC0-301F-11D3-BF4B-00C04F79EFBC}") = "Okra.Core.WindowsPhone", "src\Okra.Core\Okra.Core.WindowsPhone\Okra.Core.WindowsPhone.csproj", "{D00DC503-CEF6-4565-ABEA-3024D6B02851}"
EndProject
Project("{2150E333-8FDC-42A3-9474-1A3956D46DE8}") = "Okra.Core.Tests", "Okra.Core.Tests", "{A1B634F7-9248-4DC0-AC8A-DADB973B5962}"
EndProject
Project("{D954291E-2A0B-460D-934E-DC6B0785DB48}") = "Okra.Core.Tests.Shared", "test\Okra.Core.Tests\Okra.Core.Tests.Shared\Okra.Core.Tests.Shared.shproj", "{300BCD54-740F-45D0-A0A6-64FC4AF23C95}"
EndProject
Project("{FAE04EC0-301F-11D3-BF4B-00C04F79EFBC}") = "Okra.Core.Tests.Windows", "test\Okra.Core.Tests\Okra.Core.Tests.Windows\Okra.Core.Tests.Windows.csproj", "{7A919BF1-209A-44D0-9931-BB5D143DC9DB}"
EndProject
Project("{FAE04EC0-301F-11D3-BF4B-00C04F79EFBC}") = "Okra.Core.Tests.WindowsPhone", "test\Okra.Core.Tests\Okra.Core.Tests.WindowsPhone\Okra.Core.Tests.WindowsPhone.csproj", "{B304D10F-AA6C-417C-BB59-E68DE3FC72CE}"
EndProject
Project("{FAE04EC0-301F-11D3-BF4B-00C04F79EFBC}") = "Okra.Core.Portable", "src\Okra.Core\Okra.Core.Portable\Okra.Core.Portable.csproj", "{7AA64153-F64C-4DAE-8AE3-AD96E4A636E9}"
EndProject
Project("{FAE04EC0-301F-11D3-BF4B-00C04F79EFBC}") = "Okra.Core.Universal", "src\Okra.Core\Okra.Core.Universal\Okra.Core.Universal.csproj", "{80CB552F-A744-43EA-8906-8FD88F039040}"
EndProject
Project("{D954291E-2A0B-460D-934E-DC6B0785DB48}") = "Okra.Core.Portable.Shared", "src\Okra.Core\Okra.Core.Portable.Shared\Okra.Core.Portable.Shared.shproj", "{48114CAF-C43A-4E92-A385-1A99705ECE76}"
EndProject
Project("{FAE04EC0-301F-11D3-BF4B-00C04F79EFBC}") = "Okra.Core.Xamarin.Forms", "src\Okra.Core\Okra.Core.Xamarin.Forms\Okra.Core.Xamarin.Forms.csproj", "{67F9D3A8-F71E-4428-913F-C37AE82CDB24}"
EndProject
Global
	GlobalSection(SharedMSBuildProjectFiles) = preSolution
		src\Okra.Core\Okra.Core.Portable.Shared\Okra.Core.Portable.Shared.projitems*{48114caf-c43a-4e92-a385-1a99705ece76}*SharedItemsImports = 13
		src\Okra.Core\Okra.Core.Portable.Shared\Okra.Core.Portable.Shared.projitems*{80cb552f-a744-43ea-8906-8fd88f039040}*SharedItemsImports = 4
		src\Okra.Core\Okra.Core.Shared\Okra.Core.Shared.projitems*{80cb552f-a744-43ea-8906-8fd88f039040}*SharedItemsImports = 4
		test\Okra.Core.Tests\Okra.Core.Tests.Shared\Okra.Core.Tests.Shared.projitems*{7a919bf1-209a-44d0-9931-bb5d143dc9db}*SharedItemsImports = 4
		test\Okra.Core.Tests\Okra.Core.Tests.Shared\Okra.Core.Tests.Shared.projitems*{b304d10f-aa6c-417c-bb59-e68de3fc72ce}*SharedItemsImports = 4
		test\Okra.Core.Tests\Okra.Core.Tests.Shared\Okra.Core.Tests.Shared.projitems*{300bcd54-740f-45d0-a0a6-64fc4af23c95}*SharedItemsImports = 13
		src\Okra.Core\Okra.Core.Shared\Okra.Core.Shared.projitems*{fb719afe-8f13-4f65-a713-56c004fd2d5a}*SharedItemsImports = 13
		src\Okra.Core\Okra.Core.Portable.Shared\Okra.Core.Portable.Shared.projitems*{d00dc503-cef6-4565-abea-3024d6b02851}*SharedItemsImports = 4
		src\Okra.Core\Okra.Core.Shared\Okra.Core.Shared.projitems*{d00dc503-cef6-4565-abea-3024d6b02851}*SharedItemsImports = 4
		src\Okra.Core\Okra.Core.Portable.Shared\Okra.Core.Portable.Shared.projitems*{d6b10840-7b41-4251-a081-ebc1e86fcd2d}*SharedItemsImports = 4
		src\Okra.Core\Okra.Core.Shared\Okra.Core.Shared.projitems*{d6b10840-7b41-4251-a081-ebc1e86fcd2d}*SharedItemsImports = 4
		src\Okra.Core\Okra.Core.Portable.Shared\Okra.Core.Portable.Shared.projitems*{67f9d3a8-f71e-4428-913f-c37ae82cdb24}*SharedItemsImports = 4
	EndGlobalSection
	GlobalSection(SolutionConfigurationPlatforms) = preSolution
		Debug|Any CPU = Debug|Any CPU
		Debug|ARM = Debug|ARM
		Debug|Mixed Platforms = Debug|Mixed Platforms
		Debug|x64 = Debug|x64
		Debug|x86 = Debug|x86
		Release|Any CPU = Release|Any CPU
		Release|ARM = Release|ARM
		Release|Mixed Platforms = Release|Mixed Platforms
		Release|x64 = Release|x64
		Release|x86 = Release|x86
	EndGlobalSection
	GlobalSection(ProjectConfigurationPlatforms) = postSolution
		{D6B10840-7B41-4251-A081-EBC1E86FCD2D}.Debug|Any CPU.ActiveCfg = Debug|Any CPU
		{D6B10840-7B41-4251-A081-EBC1E86FCD2D}.Debug|Any CPU.Build.0 = Debug|Any CPU
		{D6B10840-7B41-4251-A081-EBC1E86FCD2D}.Debug|Any CPU.Deploy.0 = Debug|Any CPU
		{D6B10840-7B41-4251-A081-EBC1E86FCD2D}.Debug|ARM.ActiveCfg = Debug|ARM
		{D6B10840-7B41-4251-A081-EBC1E86FCD2D}.Debug|ARM.Build.0 = Debug|ARM
		{D6B10840-7B41-4251-A081-EBC1E86FCD2D}.Debug|ARM.Deploy.0 = Debug|ARM
		{D6B10840-7B41-4251-A081-EBC1E86FCD2D}.Debug|Mixed Platforms.ActiveCfg = Debug|x86
		{D6B10840-7B41-4251-A081-EBC1E86FCD2D}.Debug|Mixed Platforms.Build.0 = Debug|x86
		{D6B10840-7B41-4251-A081-EBC1E86FCD2D}.Debug|x64.ActiveCfg = Debug|x64
		{D6B10840-7B41-4251-A081-EBC1E86FCD2D}.Debug|x64.Build.0 = Debug|x64
		{D6B10840-7B41-4251-A081-EBC1E86FCD2D}.Debug|x64.Deploy.0 = Debug|x64
		{D6B10840-7B41-4251-A081-EBC1E86FCD2D}.Debug|x86.ActiveCfg = Debug|x86
		{D6B10840-7B41-4251-A081-EBC1E86FCD2D}.Debug|x86.Build.0 = Debug|x86
		{D6B10840-7B41-4251-A081-EBC1E86FCD2D}.Debug|x86.Deploy.0 = Debug|x86
		{D6B10840-7B41-4251-A081-EBC1E86FCD2D}.Release|Any CPU.ActiveCfg = Release|Any CPU
		{D6B10840-7B41-4251-A081-EBC1E86FCD2D}.Release|Any CPU.Build.0 = Release|Any CPU
		{D6B10840-7B41-4251-A081-EBC1E86FCD2D}.Release|Any CPU.Deploy.0 = Release|Any CPU
		{D6B10840-7B41-4251-A081-EBC1E86FCD2D}.Release|ARM.ActiveCfg = Release|ARM
		{D6B10840-7B41-4251-A081-EBC1E86FCD2D}.Release|ARM.Build.0 = Release|ARM
		{D6B10840-7B41-4251-A081-EBC1E86FCD2D}.Release|ARM.Deploy.0 = Release|ARM
		{D6B10840-7B41-4251-A081-EBC1E86FCD2D}.Release|Mixed Platforms.ActiveCfg = Release|x86
		{D6B10840-7B41-4251-A081-EBC1E86FCD2D}.Release|Mixed Platforms.Build.0 = Release|x86
		{D6B10840-7B41-4251-A081-EBC1E86FCD2D}.Release|x64.ActiveCfg = Release|x64
		{D6B10840-7B41-4251-A081-EBC1E86FCD2D}.Release|x64.Build.0 = Release|x64
		{D6B10840-7B41-4251-A081-EBC1E86FCD2D}.Release|x64.Deploy.0 = Release|x64
		{D6B10840-7B41-4251-A081-EBC1E86FCD2D}.Release|x86.ActiveCfg = Release|x86
		{D6B10840-7B41-4251-A081-EBC1E86FCD2D}.Release|x86.Build.0 = Release|x86
		{D6B10840-7B41-4251-A081-EBC1E86FCD2D}.Release|x86.Deploy.0 = Release|x86
		{D00DC503-CEF6-4565-ABEA-3024D6B02851}.Debug|Any CPU.ActiveCfg = Debug|Any CPU
		{D00DC503-CEF6-4565-ABEA-3024D6B02851}.Debug|Any CPU.Build.0 = Debug|Any CPU
		{D00DC503-CEF6-4565-ABEA-3024D6B02851}.Debug|ARM.ActiveCfg = Debug|ARM
		{D00DC503-CEF6-4565-ABEA-3024D6B02851}.Debug|ARM.Build.0 = Debug|ARM
		{D00DC503-CEF6-4565-ABEA-3024D6B02851}.Debug|Mixed Platforms.ActiveCfg = Debug|x86
		{D00DC503-CEF6-4565-ABEA-3024D6B02851}.Debug|Mixed Platforms.Build.0 = Debug|x86
		{D00DC503-CEF6-4565-ABEA-3024D6B02851}.Debug|x64.ActiveCfg = Debug|Any CPU
		{D00DC503-CEF6-4565-ABEA-3024D6B02851}.Debug|x86.ActiveCfg = Debug|x86
		{D00DC503-CEF6-4565-ABEA-3024D6B02851}.Debug|x86.Build.0 = Debug|x86
		{D00DC503-CEF6-4565-ABEA-3024D6B02851}.Release|Any CPU.ActiveCfg = Release|Any CPU
		{D00DC503-CEF6-4565-ABEA-3024D6B02851}.Release|Any CPU.Build.0 = Release|Any CPU
		{D00DC503-CEF6-4565-ABEA-3024D6B02851}.Release|ARM.ActiveCfg = Release|ARM
		{D00DC503-CEF6-4565-ABEA-3024D6B02851}.Release|ARM.Build.0 = Release|ARM
		{D00DC503-CEF6-4565-ABEA-3024D6B02851}.Release|Mixed Platforms.ActiveCfg = Release|x86
		{D00DC503-CEF6-4565-ABEA-3024D6B02851}.Release|Mixed Platforms.Build.0 = Release|x86
		{D00DC503-CEF6-4565-ABEA-3024D6B02851}.Release|x64.ActiveCfg = Release|Any CPU
		{D00DC503-CEF6-4565-ABEA-3024D6B02851}.Release|x86.ActiveCfg = Release|x86
		{D00DC503-CEF6-4565-ABEA-3024D6B02851}.Release|x86.Build.0 = Release|x86
		{7A919BF1-209A-44D0-9931-BB5D143DC9DB}.Debug|Any CPU.ActiveCfg = Debug|Any CPU
		{7A919BF1-209A-44D0-9931-BB5D143DC9DB}.Debug|Any CPU.Build.0 = Debug|Any CPU
		{7A919BF1-209A-44D0-9931-BB5D143DC9DB}.Debug|Any CPU.Deploy.0 = Debug|Any CPU
		{7A919BF1-209A-44D0-9931-BB5D143DC9DB}.Debug|ARM.ActiveCfg = Debug|ARM
		{7A919BF1-209A-44D0-9931-BB5D143DC9DB}.Debug|ARM.Build.0 = Debug|ARM
		{7A919BF1-209A-44D0-9931-BB5D143DC9DB}.Debug|ARM.Deploy.0 = Debug|ARM
		{7A919BF1-209A-44D0-9931-BB5D143DC9DB}.Debug|Mixed Platforms.ActiveCfg = Debug|x86
		{7A919BF1-209A-44D0-9931-BB5D143DC9DB}.Debug|Mixed Platforms.Build.0 = Debug|x86
		{7A919BF1-209A-44D0-9931-BB5D143DC9DB}.Debug|Mixed Platforms.Deploy.0 = Debug|x86
		{7A919BF1-209A-44D0-9931-BB5D143DC9DB}.Debug|x64.ActiveCfg = Debug|x64
		{7A919BF1-209A-44D0-9931-BB5D143DC9DB}.Debug|x64.Build.0 = Debug|x64
		{7A919BF1-209A-44D0-9931-BB5D143DC9DB}.Debug|x64.Deploy.0 = Debug|x64
		{7A919BF1-209A-44D0-9931-BB5D143DC9DB}.Debug|x86.ActiveCfg = Debug|x86
		{7A919BF1-209A-44D0-9931-BB5D143DC9DB}.Debug|x86.Build.0 = Debug|x86
		{7A919BF1-209A-44D0-9931-BB5D143DC9DB}.Debug|x86.Deploy.0 = Debug|x86
		{7A919BF1-209A-44D0-9931-BB5D143DC9DB}.Release|Any CPU.ActiveCfg = Release|Any CPU
		{7A919BF1-209A-44D0-9931-BB5D143DC9DB}.Release|Any CPU.Build.0 = Release|Any CPU
		{7A919BF1-209A-44D0-9931-BB5D143DC9DB}.Release|Any CPU.Deploy.0 = Release|Any CPU
		{7A919BF1-209A-44D0-9931-BB5D143DC9DB}.Release|ARM.ActiveCfg = Release|ARM
		{7A919BF1-209A-44D0-9931-BB5D143DC9DB}.Release|ARM.Build.0 = Release|ARM
		{7A919BF1-209A-44D0-9931-BB5D143DC9DB}.Release|ARM.Deploy.0 = Release|ARM
		{7A919BF1-209A-44D0-9931-BB5D143DC9DB}.Release|Mixed Platforms.ActiveCfg = Release|x86
		{7A919BF1-209A-44D0-9931-BB5D143DC9DB}.Release|Mixed Platforms.Build.0 = Release|x86
		{7A919BF1-209A-44D0-9931-BB5D143DC9DB}.Release|Mixed Platforms.Deploy.0 = Release|x86
		{7A919BF1-209A-44D0-9931-BB5D143DC9DB}.Release|x64.ActiveCfg = Release|x64
		{7A919BF1-209A-44D0-9931-BB5D143DC9DB}.Release|x64.Build.0 = Release|x64
		{7A919BF1-209A-44D0-9931-BB5D143DC9DB}.Release|x64.Deploy.0 = Release|x64
		{7A919BF1-209A-44D0-9931-BB5D143DC9DB}.Release|x86.ActiveCfg = Release|x86
		{7A919BF1-209A-44D0-9931-BB5D143DC9DB}.Release|x86.Build.0 = Release|x86
		{7A919BF1-209A-44D0-9931-BB5D143DC9DB}.Release|x86.Deploy.0 = Release|x86
		{B304D10F-AA6C-417C-BB59-E68DE3FC72CE}.Debug|Any CPU.ActiveCfg = Debug|x86
		{B304D10F-AA6C-417C-BB59-E68DE3FC72CE}.Debug|ARM.ActiveCfg = Debug|ARM
		{B304D10F-AA6C-417C-BB59-E68DE3FC72CE}.Debug|ARM.Build.0 = Debug|ARM
		{B304D10F-AA6C-417C-BB59-E68DE3FC72CE}.Debug|ARM.Deploy.0 = Debug|ARM
		{B304D10F-AA6C-417C-BB59-E68DE3FC72CE}.Debug|Mixed Platforms.ActiveCfg = Debug|x86
		{B304D10F-AA6C-417C-BB59-E68DE3FC72CE}.Debug|Mixed Platforms.Build.0 = Debug|x86
		{B304D10F-AA6C-417C-BB59-E68DE3FC72CE}.Debug|Mixed Platforms.Deploy.0 = Debug|x86
		{B304D10F-AA6C-417C-BB59-E68DE3FC72CE}.Debug|x64.ActiveCfg = Debug|x86
		{B304D10F-AA6C-417C-BB59-E68DE3FC72CE}.Debug|x86.ActiveCfg = Debug|x86
		{B304D10F-AA6C-417C-BB59-E68DE3FC72CE}.Debug|x86.Build.0 = Debug|x86
		{B304D10F-AA6C-417C-BB59-E68DE3FC72CE}.Debug|x86.Deploy.0 = Debug|x86
		{B304D10F-AA6C-417C-BB59-E68DE3FC72CE}.Release|Any CPU.ActiveCfg = Release|x86
		{B304D10F-AA6C-417C-BB59-E68DE3FC72CE}.Release|ARM.ActiveCfg = Release|ARM
		{B304D10F-AA6C-417C-BB59-E68DE3FC72CE}.Release|ARM.Build.0 = Release|ARM
		{B304D10F-AA6C-417C-BB59-E68DE3FC72CE}.Release|ARM.Deploy.0 = Release|ARM
		{B304D10F-AA6C-417C-BB59-E68DE3FC72CE}.Release|Mixed Platforms.ActiveCfg = Release|x86
		{B304D10F-AA6C-417C-BB59-E68DE3FC72CE}.Release|Mixed Platforms.Build.0 = Release|x86
		{B304D10F-AA6C-417C-BB59-E68DE3FC72CE}.Release|Mixed Platforms.Deploy.0 = Release|x86
		{B304D10F-AA6C-417C-BB59-E68DE3FC72CE}.Release|x64.ActiveCfg = Release|x86
		{B304D10F-AA6C-417C-BB59-E68DE3FC72CE}.Release|x86.ActiveCfg = Release|x86
		{B304D10F-AA6C-417C-BB59-E68DE3FC72CE}.Release|x86.Build.0 = Release|x86
		{B304D10F-AA6C-417C-BB59-E68DE3FC72CE}.Release|x86.Deploy.0 = Release|x86
		{7AA64153-F64C-4DAE-8AE3-AD96E4A636E9}.Debug|Any CPU.ActiveCfg = Debug|Any CPU
		{7AA64153-F64C-4DAE-8AE3-AD96E4A636E9}.Debug|Any CPU.Build.0 = Debug|Any CPU
		{7AA64153-F64C-4DAE-8AE3-AD96E4A636E9}.Debug|ARM.ActiveCfg = Debug|Any CPU
		{7AA64153-F64C-4DAE-8AE3-AD96E4A636E9}.Debug|Mixed Platforms.ActiveCfg = Debug|Any CPU
		{7AA64153-F64C-4DAE-8AE3-AD96E4A636E9}.Debug|Mixed Platforms.Build.0 = Debug|Any CPU
		{7AA64153-F64C-4DAE-8AE3-AD96E4A636E9}.Debug|x64.ActiveCfg = Debug|Any CPU
		{7AA64153-F64C-4DAE-8AE3-AD96E4A636E9}.Debug|x86.ActiveCfg = Debug|Any CPU
		{7AA64153-F64C-4DAE-8AE3-AD96E4A636E9}.Release|Any CPU.ActiveCfg = Release|Any CPU
		{7AA64153-F64C-4DAE-8AE3-AD96E4A636E9}.Release|Any CPU.Build.0 = Release|Any CPU
		{7AA64153-F64C-4DAE-8AE3-AD96E4A636E9}.Release|ARM.ActiveCfg = Release|Any CPU
		{7AA64153-F64C-4DAE-8AE3-AD96E4A636E9}.Release|Mixed Platforms.ActiveCfg = Release|Any CPU
		{7AA64153-F64C-4DAE-8AE3-AD96E4A636E9}.Release|Mixed Platforms.Build.0 = Release|Any CPU
		{7AA64153-F64C-4DAE-8AE3-AD96E4A636E9}.Release|x64.ActiveCfg = Release|Any CPU
		{7AA64153-F64C-4DAE-8AE3-AD96E4A636E9}.Release|x86.ActiveCfg = Release|Any CPU
		{80CB552F-A744-43EA-8906-8FD88F039040}.Debug|Any CPU.ActiveCfg = Debug|x86
		{80CB552F-A744-43EA-8906-8FD88F039040}.Debug|ARM.ActiveCfg = Debug|ARM
		{80CB552F-A744-43EA-8906-8FD88F039040}.Debug|ARM.Build.0 = Debug|ARM
		{80CB552F-A744-43EA-8906-8FD88F039040}.Debug|Mixed Platforms.ActiveCfg = Debug|x86
		{80CB552F-A744-43EA-8906-8FD88F039040}.Debug|Mixed Platforms.Build.0 = Debug|x86
		{80CB552F-A744-43EA-8906-8FD88F039040}.Debug|x64.ActiveCfg = Debug|x64
		{80CB552F-A744-43EA-8906-8FD88F039040}.Debug|x64.Build.0 = Debug|x64
		{80CB552F-A744-43EA-8906-8FD88F039040}.Debug|x86.ActiveCfg = Debug|x86
		{80CB552F-A744-43EA-8906-8FD88F039040}.Debug|x86.Build.0 = Debug|x86
		{80CB552F-A744-43EA-8906-8FD88F039040}.Release|Any CPU.ActiveCfg = Release|x86
		{80CB552F-A744-43EA-8906-8FD88F039040}.Release|ARM.ActiveCfg = Release|ARM
		{80CB552F-A744-43EA-8906-8FD88F039040}.Release|ARM.Build.0 = Release|ARM
		{80CB552F-A744-43EA-8906-8FD88F039040}.Release|Mixed Platforms.ActiveCfg = Release|x86
		{80CB552F-A744-43EA-8906-8FD88F039040}.Release|Mixed Platforms.Build.0 = Release|x86
		{80CB552F-A744-43EA-8906-8FD88F039040}.Release|x64.ActiveCfg = Release|x64
		{80CB552F-A744-43EA-8906-8FD88F039040}.Release|x64.Build.0 = Release|x64
		{80CB552F-A744-43EA-8906-8FD88F039040}.Release|x86.ActiveCfg = Release|x86
		{80CB552F-A744-43EA-8906-8FD88F039040}.Release|x86.Build.0 = Release|x86
		{67F9D3A8-F71E-4428-913F-C37AE82CDB24}.Debug|Any CPU.ActiveCfg = Debug|Any CPU
		{67F9D3A8-F71E-4428-913F-C37AE82CDB24}.Debug|Any CPU.Build.0 = Debug|Any CPU
		{67F9D3A8-F71E-4428-913F-C37AE82CDB24}.Debug|ARM.ActiveCfg = Debug|Any CPU
		{67F9D3A8-F71E-4428-913F-C37AE82CDB24}.Debug|ARM.Build.0 = Debug|Any CPU
		{67F9D3A8-F71E-4428-913F-C37AE82CDB24}.Debug|Mixed Platforms.ActiveCfg = Debug|Any CPU
		{67F9D3A8-F71E-4428-913F-C37AE82CDB24}.Debug|Mixed Platforms.Build.0 = Debug|Any CPU
		{67F9D3A8-F71E-4428-913F-C37AE82CDB24}.Debug|x64.ActiveCfg = Debug|Any CPU
		{67F9D3A8-F71E-4428-913F-C37AE82CDB24}.Debug|x64.Build.0 = Debug|Any CPU
		{67F9D3A8-F71E-4428-913F-C37AE82CDB24}.Debug|x86.ActiveCfg = Debug|Any CPU
		{67F9D3A8-F71E-4428-913F-C37AE82CDB24}.Debug|x86.Build.0 = Debug|Any CPU
		{67F9D3A8-F71E-4428-913F-C37AE82CDB24}.Release|Any CPU.ActiveCfg = Release|Any CPU
		{67F9D3A8-F71E-4428-913F-C37AE82CDB24}.Release|Any CPU.Build.0 = Release|Any CPU
		{67F9D3A8-F71E-4428-913F-C37AE82CDB24}.Release|ARM.ActiveCfg = Release|Any CPU
		{67F9D3A8-F71E-4428-913F-C37AE82CDB24}.Release|ARM.Build.0 = Release|Any CPU
		{67F9D3A8-F71E-4428-913F-C37AE82CDB24}.Release|Mixed Platforms.ActiveCfg = Release|Any CPU
		{67F9D3A8-F71E-4428-913F-C37AE82CDB24}.Release|Mixed Platforms.Build.0 = Release|Any CPU
		{67F9D3A8-F71E-4428-913F-C37AE82CDB24}.Release|x64.ActiveCfg = Release|Any CPU
		{67F9D3A8-F71E-4428-913F-C37AE82CDB24}.Release|x64.Build.0 = Release|Any CPU
		{67F9D3A8-F71E-4428-913F-C37AE82CDB24}.Release|x86.ActiveCfg = Release|Any CPU
		{67F9D3A8-F71E-4428-913F-C37AE82CDB24}.Release|x86.Build.0 = Release|Any CPU
	EndGlobalSection
	GlobalSection(SolutionProperties) = preSolution
		HideSolutionNode = FALSE
	EndGlobalSection
	GlobalSection(NestedProjects) = preSolution
		{FB719AFE-8F13-4F65-A713-56C004FD2D5A} = {B9A4A8CF-DC5B-4F92-B7D2-D7BF84386587}
		{D6B10840-7B41-4251-A081-EBC1E86FCD2D} = {B9A4A8CF-DC5B-4F92-B7D2-D7BF84386587}
		{D00DC503-CEF6-4565-ABEA-3024D6B02851} = {B9A4A8CF-DC5B-4F92-B7D2-D7BF84386587}
		{300BCD54-740F-45D0-A0A6-64FC4AF23C95} = {A1B634F7-9248-4DC0-AC8A-DADB973B5962}
		{7A919BF1-209A-44D0-9931-BB5D143DC9DB} = {A1B634F7-9248-4DC0-AC8A-DADB973B5962}
		{B304D10F-AA6C-417C-BB59-E68DE3FC72CE} = {A1B634F7-9248-4DC0-AC8A-DADB973B5962}
		{7AA64153-F64C-4DAE-8AE3-AD96E4A636E9} = {B9A4A8CF-DC5B-4F92-B7D2-D7BF84386587}
		{80CB552F-A744-43EA-8906-8FD88F039040} = {B9A4A8CF-DC5B-4F92-B7D2-D7BF84386587}
		{48114CAF-C43A-4E92-A385-1A99705ECE76} = {B9A4A8CF-DC5B-4F92-B7D2-D7BF84386587}
		{67F9D3A8-F71E-4428-913F-C37AE82CDB24} = {B9A4A8CF-DC5B-4F92-B7D2-D7BF84386587}
	EndGlobalSection
EndGlobal
